{"SurveyEntry":{"SurveyID":"SV_1Lo6YtYahrPGVjE","SurveyName":"Introducing ReChat Study 1","SurveyDescription":null,"SurveyOwnerID":"UR_56zjsj43Ehr7qap","SurveyBrandID":"princetonsurvey","DivisionID":null,"SurveyLanguage":"EN","SurveyActiveResponseSet":"RS_0HSsbYkrBDqzwDc","SurveyStatus":"Inactive","SurveyStartDate":"0000-00-00 00:00:00","SurveyExpirationDate":"0000-00-00 00:00:00","SurveyCreationDate":"2024-09-11 17:17:51","CreatorID":"UR_56zjsj43Ehr7qap","LastModified":"2024-09-11 17:19:37","LastAccessed":"0000-00-00 00:00:00","LastActivated":"0000-00-00 00:00:00","Deleted":null},"SurveyElements":[{"SurveyID":"SV_1Lo6YtYahrPGVjE","Element":"BL","PrimaryAttribute":"Survey Blocks","SecondaryAttribute":null,"TertiaryAttribute":null,"Payload":{"1":{"Type":"Trash","Description":"Trash \/ Unused Questions","ID":"BL_1WVtkGLze2anpYN","BlockElements":[],"Options":{"BlockLocking":"false","RandomizeQuestions":"false","BlockVisibility":"Expanded"}},"34":{"Type":"Standard","SubType":"","Description":"Survey consent","ID":"BL_7QVmvduUGcGdslT","BlockElements":[{"Type":"Question","QuestionID":"QID330"},{"Type":"Question","QuestionID":"QID331"},{"Type":"Question","QuestionID":"QID428"}],"Options":{"BlockLocking":"false","RandomizeQuestions":"false","BlockVisibility":"Expanded"}},"37":{"Type":"Standard","SubType":"","Description":"ReChat interface","ID":"BL_3IeCclKV7Z2jpqK","BlockElements":[{"Type":"Question","QuestionID":"QID421"},{"Type":"Question","QuestionID":"QID389"},{"Type":"Question","QuestionID":"QID414"},{"Type":"Question","QuestionID":"QID398"},{"Type":"Question","QuestionID":"QID415"},{"Type":"Question","QuestionID":"QID419"},{"Type":"Question","QuestionID":"QID420"},{"Type":"Question","QuestionID":"QID417"},{"Type":"Question","QuestionID":"QID426"}],"Options":{"BlockLocking":"false","RandomizeQuestions":"false","BlockVisibility":"Expanded","PreviousButton":"","previousButtonMID":"","NextButton":"Continue","nextButtonMID":"","previousButtonLibraryID":"","nextButtonLibraryID":""}},"38":{"Type":"Standard","SubType":"","Description":"post-chat questions","ID":"BL_38GE43XFS53MNhk","BlockElements":[{"Type":"Question","QuestionID":"QID400"},{"Type":"Question","QuestionID":"QID401"},{"Type":"Question","QuestionID":"QID410"}],"Options":{"BlockLocking":"false","RandomizeQuestions":"false","BlockVisibility":"Expanded"}},"40":{"Type":"Standard","SubType":"","Description":"Chat consent","ID":"BL_8wDV7SBWi02Butg","BlockElements":[{"Type":"Question","QuestionID":"QID391"},{"Type":"Question","QuestionID":"QID392"},{"Type":"Question","QuestionID":"QID427"}],"Options":{"BlockLocking":false,"RandomizeQuestions":"false","BlockVisibility":"Expanded"}},"41":{"Type":"Standard","SubType":"","Description":"pre-chat political questions","ID":"BL_d1pWRPftJHmLle6","BlockElements":[{"Type":"Question","QuestionID":"QID436"},{"Type":"Page Break"},{"Type":"Question","QuestionID":"QID394"},{"Type":"Page Break"},{"Type":"Question","QuestionID":"QID395"},{"Type":"Question","QuestionID":"QID396"},{"Type":"Question","QuestionID":"QID397"},{"Type":"Page Break"},{"Type":"Question","QuestionID":"QID402"},{"Type":"Page Break"},{"Type":"Question","QuestionID":"QID411"}],"Options":{"BlockLocking":"false","RandomizeQuestions":"false","BlockVisibility":"Expanded"}},"43":{"Type":"Standard","SubType":"","Description":"Demographics","ID":"BL_bCOuNpU3wXDcezA","BlockElements":[{"Type":"Question","QuestionID":"QID403"},{"Type":"Question","QuestionID":"QID404"},{"Type":"Question","QuestionID":"QID405"}]},"44":{"Type":"Standard","SubType":"","Description":"waiting room timeout block","ID":"BL_aX0c7LgKpdoVbXU","BlockElements":[{"Type":"Question","QuestionID":"QID409"}],"Options":{"BlockLocking":"false","RandomizeQuestions":"false","BlockVisibility":"Expanded"}},"45":{"Type":"Standard","SubType":"","Description":"Final block","ID":"BL_6Mve0uJqh9jpXaS","BlockElements":[{"Type":"Question","QuestionID":"QID413"},{"Type":"Page Break"},{"Type":"Question","QuestionID":"QID412"}]},"46":{"Type":"Standard","SubType":"","Description":"Refusal","ID":"BL_bm9wuAl29wRqbtA","BlockElements":[{"Type":"Question","QuestionID":"QID422"},{"Type":"Question","QuestionID":"QID423"}]},"47":{"Type":"Standard","SubType":"","Description":"technical issue apology block","ID":"BL_dpAkJulZoZm26jQ","BlockElements":[{"Type":"Question","QuestionID":"QID425"}]},"48":{"Type":"Standard","SubType":"","Description":"incentive_details","ID":"BL_6uvktqapyTTjAj4","BlockElements":[{"Type":"Question","QuestionID":"QID429"}],"Options":{"BlockLocking":"false","RandomizeQuestions":"false","PreviousButton":"","previousButtonMID":"","NextButton":"I Understand","nextButtonMID":"","previousButtonLibraryID":"","nextButtonLibraryID":""}},"49":{"Type":"Standard","SubType":"","Description":"media","ID":"BL_b8UnbhJDHuhgl7g","BlockElements":[{"Type":"Question","QuestionID":"QID434"}]},"50":{"Type":"Standard","SubType":"","Description":"identity","ID":"BL_7NFkzh1yw2OU6c6","BlockElements":[{"Type":"Question","QuestionID":"QID431"},{"Type":"Question","QuestionID":"QID432"},{"Type":"Question","QuestionID":"QID433"}]},"51":{"Type":"Standard","SubType":"","Description":"self monitoring","ID":"BL_9ZEQvnHtbJt6Xci","BlockElements":[{"Type":"Question","QuestionID":"QID437"},{"Type":"Page Break"},{"Type":"Question","QuestionID":"QID438"},{"Type":"Page Break"},{"Type":"Question","QuestionID":"QID439"}],"Options":{"BlockLocking":"false","RandomizeQuestions":"false","BlockVisibility":"Expanded"}},"52":{"Type":"Standard","SubType":"","Description":"Block 14","ID":"BL_cHKfo5GLofvlekK","BlockElements":[{"Type":"Question","QuestionID":"QID440"}]},"53":{"Type":"Standard","SubType":"","Description":"extroversion_block","ID":"BL_43jrtXpiEGB6Qiq","BlockElements":[{"Type":"Question","QuestionID":"QID442"},{"Type":"Question","QuestionID":"QID441"}],"Options":{"BlockLocking":"false","RandomizeQuestions":"false","Looping":"Static","LoopingOptions":{"Static":{"1":{"1":"I feel reasonably satisfied with myself overall."},"2":{"1":"I feel that I am an unpopular person."},"3":{"1":"\nI sometimes feel that I am a worthless person."},"4":{"1":"I rarely express my opinions in group meetings."},"5":{"1":"In social situations, I\u2019m usually the one who makes the first move."},"6":{"1":"When I\u2019m in a group of people, I\u2019m often the one who speaks on behalf of the group."},"7":{"1":"I prefer jobs that involve active social interaction to those that involve working alone."},"8":{"1":"The first thing that I always do in a new place is to make friends."},"9":{"1":"\nOn most days, I feel cheerful and optimistic."},"10":{"1":"Most people are more upbeat and dynamic than I generally am."}},"Randomization":"All"}}},"54":{"Type":"Standard","SubType":"","Description":"Block 16","ID":"BL_02pNEeSim0o10Sq","BlockElements":[{"Type":"Question","QuestionID":"QID443"},{"Type":"Page Break"},{"Type":"Question","QuestionID":"QID444"},{"Type":"Page Break"},{"Type":"Question","QuestionID":"QID445"},{"Type":"Page Break"},{"Type":"Question","QuestionID":"QID446"}]}}},{"SurveyID":"SV_1Lo6YtYahrPGVjE","Element":"FL","PrimaryAttribute":"Survey Flow","SecondaryAttribute":null,"TertiaryAttribute":null,"Payload":{"Type":"Root","FlowID":"FL_1","Flow":[{"Type":"EmbeddedData","FlowID":"FL_84","EmbeddedData":[{"Description":"workerId","Type":"Recipient","Field":"workerId","VariableType":"String","DataVisibility":[],"AnalyzeText":false},{"Description":"assignmentId","Type":"Recipient","Field":"assignmentId","VariableType":"String","DataVisibility":[],"AnalyzeText":false},{"Description":"hitId","Type":"Recipient","Field":"hitId","VariableType":"String","DataVisibility":[],"AnalyzeText":false}]},{"Type":"Standard","ID":"BL_7QVmvduUGcGdslT","FlowID":"FL_20","Autofill":[]},{"Type":"Branch","FlowID":"FL_32","Description":"New Branch","BranchLogic":{"0":{"0":{"LogicType":"Question","QuestionID":"QID331","QuestionIsInLoop":"no","ChoiceLocator":"q:\/\/QID331\/SelectableChoice\/2","Operator":"Selected","QuestionIDFromLocator":"QID331","LeftOperand":"q:\/\/QID331\/SelectableChoice\/2","Type":"Expression","Description":"<span class=\"ConjDesc\">If<\/span> <span class=\"QuestionDesc\">Do you consent to participate in this study?<\/span> <span class=\"LeftOpDesc\">No, I do not want to participate<\/span> <span class=\"OpDesc\">Is Selected<\/span> "},"Type":"If"},"Type":"BooleanExpression"},"Flow":[{"Type":"EndSurvey","FlowID":"FL_33","EndingType":"Advanced","Options":{"Advanced":"true","SurveyTermination":"DisplayMessage","EOSRedirectURL":"http:\/\/www.qualtrics.com","EOSMessageLibrary":"UR_56zjsj43Ehr7qap","EOSMessage":"MS_88mbUJfuWQw0MWW"}}]},{"Type":"Standard","ID":"BL_d1pWRPftJHmLle6","FlowID":"FL_57","Autofill":[]},{"Type":"Standard","ID":"BL_43jrtXpiEGB6Qiq","FlowID":"FL_96","Autofill":[]},{"Type":"Standard","ID":"BL_b8UnbhJDHuhgl7g","FlowID":"FL_92","Autofill":[]},{"Type":"Standard","ID":"BL_9ZEQvnHtbJt6Xci","FlowID":"FL_94","Autofill":[]},{"Type":"Standard","ID":"BL_02pNEeSim0o10Sq","FlowID":"FL_97","Autofill":[]},{"Type":"Branch","FlowID":"FL_59","Description":"New Branch","BranchLogic":{"0":{"0":{"LogicType":"Question","QuestionID":"QID394","QuestionIsInLoop":"no","ChoiceLocator":"q:\/\/QID394\/SelectableChoice\/2","Operator":"Selected","QuestionIDFromLocator":"QID394","LeftOperand":"q:\/\/QID394\/SelectableChoice\/2","Type":"Expression","Description":"<span class=\"ConjDesc\">If<\/span> <span class=\"QuestionDesc\">Generally speaking, do you usually think of yourself as a Republican, a Democrat, an Independent,...<\/span> <span class=\"LeftOpDesc\">Democrat<\/span> <span class=\"OpDesc\">Is Selected<\/span> "},"1":{"LogicType":"Question","QuestionID":"QID397","QuestionIsInLoop":"no","ChoiceLocator":"q:\/\/QID397\/SelectableChoice\/2","Operator":"Selected","QuestionIDFromLocator":"QID397","LeftOperand":"q:\/\/QID397\/SelectableChoice\/2","Type":"Expression","Description":"<span class=\"ConjDesc\">Or<\/span> <span class=\"QuestionDesc\">If you had to choose, would you say you feel closer to the Republican Party or the Democratic Party?<\/span> <span class=\"LeftOpDesc\">Closer to Democratic Party<\/span> <span class=\"OpDesc\">Is Selected<\/span> ","Conjuction":"Or"},"Type":"If"},"Type":"BooleanExpression"},"Flow":[{"Type":"EmbeddedData","FlowID":"FL_68","EmbeddedData":[{"Description":"partisanship","Type":"Custom","Field":"partisanship","VariableType":"String","DataVisibility":[],"AnalyzeText":false,"Value":"Democrat"}]}]},{"Type":"Branch","FlowID":"FL_60","Description":"New Branch","BranchLogic":{"0":{"0":{"LogicType":"Question","QuestionID":"QID394","QuestionIsInLoop":"no","ChoiceLocator":"q:\/\/QID394\/SelectableChoice\/1","Operator":"Selected","QuestionIDFromLocator":"QID394","LeftOperand":"q:\/\/QID394\/SelectableChoice\/1","Type":"Expression","Description":"<span class=\"ConjDesc\">If<\/span> <span class=\"QuestionDesc\">Generally speaking, do you usually think of yourself as a Republican, a Democrat, an Independent,...<\/span> <span class=\"LeftOpDesc\">Republican<\/span> <span class=\"OpDesc\">Is Selected<\/span> "},"1":{"LogicType":"Question","QuestionID":"QID397","QuestionIsInLoop":"no","ChoiceLocator":"q:\/\/QID397\/SelectableChoice\/1","Operator":"Selected","QuestionIDFromLocator":"QID397","LeftOperand":"q:\/\/QID397\/SelectableChoice\/1","Type":"Expression","Description":"<span class=\"ConjDesc\">Or<\/span> <span class=\"QuestionDesc\">If you had to choose, would you say you feel closer to the Republican Party or the Democratic Party?<\/span> <span class=\"LeftOpDesc\">Closer to Republican Party<\/span> <span class=\"OpDesc\">Is Selected<\/span> ","Conjuction":"Or"},"Type":"If"},"Type":"BooleanExpression"},"Flow":[{"Type":"EmbeddedData","FlowID":"FL_69","EmbeddedData":[{"Description":"partisanship","Type":"Custom","Field":"partisanship","VariableType":"String","DataVisibility":[],"AnalyzeText":false,"Value":"Republican"}]}]},{"Type":"Standard","ID":"BL_7NFkzh1yw2OU6c6","FlowID":"FL_93","Autofill":[]},{"Type":"BlockRandomizer","FlowID":"FL_72","SubSet":1,"Flow":[{"Type":"EmbeddedData","FlowID":"FL_73","EmbeddedData":[{"Description":"t","Type":"Custom","Field":"t","VariableType":"String","DataVisibility":[],"AnalyzeText":false,"Value":"0"}]},{"Type":"EmbeddedData","FlowID":"FL_74","EmbeddedData":[{"Description":"t","Type":"Custom","Field":"t","VariableType":"String","DataVisibility":[],"AnalyzeText":false,"Value":"1"}]}]},{"Type":"Branch","FlowID":"FL_75","Description":"New Branch","BranchLogic":{"0":{"0":{"LogicType":"EmbeddedField","LeftOperand":"t","Operator":"EqualTo","RightOperand":"0","_HiddenExpression":false,"Type":"Expression","Description":"<span class=\"ConjDesc\">If<\/span>  <span class=\"LeftOpDesc\">t<\/span> <span class=\"OpDesc\">Is Equal to<\/span> <span class=\"RightOpDesc\"> 0 <\/span>"},"Type":"If"},"Type":"BooleanExpression"},"Flow":[{"Type":"EmbeddedData","FlowID":"FL_76","EmbeddedData":[{"Description":"reviewers","Type":"Custom","Field":"reviewers","VariableType":"String","DataVisibility":[],"AnalyzeText":false,"Value":"neutral political analysts"}]}]},{"Type":"Branch","FlowID":"FL_77","Description":"New Branch","BranchLogic":{"0":{"0":{"LogicType":"EmbeddedField","LeftOperand":"t","Operator":"EqualTo","RightOperand":"1","_HiddenExpression":false,"Type":"Expression","Description":"<span class=\"ConjDesc\">If<\/span>  <span class=\"LeftOpDesc\">t<\/span> <span class=\"OpDesc\">Is Equal to<\/span> <span class=\"RightOpDesc\"> 1 <\/span>"},"1":{"LogicType":"EmbeddedField","LeftOperand":"partisanship","Operator":"EqualTo","RightOperand":"Republican","_HiddenExpression":false,"Type":"Expression","Description":"<span class=\"ConjDesc\">And<\/span>  <span class=\"LeftOpDesc\">partisanship<\/span> <span class=\"OpDesc\">Is Equal to<\/span> <span class=\"RightOpDesc\"> Republican <\/span>","Conjuction":"And"},"Type":"If"},"Type":"BooleanExpression"},"Flow":[{"Type":"EmbeddedData","FlowID":"FL_79","EmbeddedData":[{"Description":"reviewers","Type":"Custom","Field":"reviewers","VariableType":"String","DataVisibility":[],"AnalyzeText":false,"Value":"Republican political analysts"}]}]},{"Type":"Branch","FlowID":"FL_78","Description":"New Branch","BranchLogic":{"0":{"0":{"LogicType":"EmbeddedField","LeftOperand":"t","Operator":"EqualTo","RightOperand":"1","_HiddenExpression":false,"Type":"Expression","Description":"<span class=\"ConjDesc\">If<\/span>  <span class=\"LeftOpDesc\">t<\/span> <span class=\"OpDesc\">Is Equal to<\/span> <span class=\"RightOpDesc\"> 1 <\/span>"},"1":{"LogicType":"EmbeddedField","LeftOperand":"partisanship","Operator":"EqualTo","RightOperand":"Democrat","_HiddenExpression":false,"Type":"Expression","Description":"<span class=\"ConjDesc\">And<\/span>  <span class=\"LeftOpDesc\">partisanship<\/span> <span class=\"OpDesc\">Is Equal to<\/span> <span class=\"RightOpDesc\"> Democrat <\/span>","Conjuction":"And"},"Type":"If"},"Type":"BooleanExpression"},"Flow":[{"Type":"EmbeddedData","FlowID":"FL_80","EmbeddedData":[{"Description":"reviewers","Type":"Custom","Field":"reviewers","VariableType":"String","DataVisibility":[],"AnalyzeText":false,"Value":"Democratic political analysts"}]}]},{"Type":"Standard","ID":"BL_8wDV7SBWi02Butg","FlowID":"FL_55","Autofill":[]},{"Type":"Branch","FlowID":"FL_88","Description":"New Branch","BranchLogic":{"0":{"0":{"LogicType":"Question","QuestionID":"QID392","QuestionIsInLoop":"no","ChoiceLocator":"q:\/\/QID392\/SelectableChoice\/2","Operator":"Selected","QuestionIDFromLocator":"QID392","LeftOperand":"q:\/\/QID392\/SelectableChoice\/2","Type":"Expression","Description":"<span class=\"ConjDesc\">If<\/span> <span class=\"QuestionDesc\">Do you consent to participate in a chat?<\/span> <span class=\"LeftOpDesc\">No, I do not want to participate<\/span> <span class=\"OpDesc\">Is Selected<\/span> "},"Type":"If"},"Type":"BooleanExpression"},"Flow":[{"Type":"Standard","ID":"BL_bm9wuAl29wRqbtA","FlowID":"FL_87","Autofill":[]}]},{"Type":"Branch","FlowID":"FL_56","Description":"New Branch","BranchLogic":{"0":{"0":{"LogicType":"Question","QuestionID":"QID392","QuestionIsInLoop":"no","ChoiceLocator":"q:\/\/QID392\/SelectableChoice\/1","Operator":"Selected","QuestionIDFromLocator":"QID392","LeftOperand":"q:\/\/QID392\/SelectableChoice\/1","Type":"Expression","Description":"<span class=\"ConjDesc\">If<\/span> <span class=\"QuestionDesc\">Do you consent to participate in a chat?<\/span> <span class=\"LeftOpDesc\">Yes, I want to participate<\/span> <span class=\"OpDesc\">Is Selected<\/span> "},"Type":"If"},"Type":"BooleanExpression"},"Flow":[{"Type":"Standard","ID":"BL_6uvktqapyTTjAj4","FlowID":"FL_91","Autofill":[]},{"Type":"Standard","ID":"BL_3IeCclKV7Z2jpqK","FlowID":"FL_52","Autofill":[]},{"Type":"Branch","FlowID":"FL_81","Description":"New Branch","BranchLogic":{"0":{"0":{"LogicType":"Question","QuestionID":"QID398","QuestionIsInLoop":"no","ChoiceLocator":"q:\/\/QID398\/ChoiceTextEntryValue","Operator":"Contains","QuestionIDFromLocator":"QID398","LeftOperand":"q:\/\/QID398\/ChoiceTextEntryValue","RightOperand":"2WT","Type":"Expression","Description":"<span class=\"ConjDesc\">If<\/span> <span class=\"QuestionDesc\">When your chat is complete, you will receive a completion code. To continue, please paste this co...<\/span> <span class=\"LeftOpDesc\">Text Response<\/span> <span class=\"OpDesc\">Contains<\/span> <span class=\"RightOpDesc\"> 2WT <\/span>"},"Type":"If"},"Type":"BooleanExpression"},"Flow":[{"Type":"Standard","ID":"BL_aX0c7LgKpdoVbXU","FlowID":"FL_65","Autofill":[]}]},{"Type":"Branch","FlowID":"FL_82","Description":"New Branch","BranchLogic":{"0":{"0":{"LogicType":"Question","QuestionID":"QID398","QuestionIsInLoop":"no","ChoiceLocator":"q:\/\/QID398\/ChoiceTextEntryValue","Operator":"Contains","QuestionIDFromLocator":"QID398","LeftOperand":"q:\/\/QID398\/ChoiceTextEntryValue","RightOperand":"2CC","Type":"Expression","Description":"<span class=\"ConjDesc\">If<\/span> <span class=\"QuestionDesc\">When your chat is complete, you will receive a completion code. To continue, please paste this co...<\/span> <span class=\"LeftOpDesc\">Text Response<\/span> <span class=\"OpDesc\">Contains<\/span> <span class=\"RightOpDesc\"> 2CC <\/span>"},"1":{"LogicType":"Question","QuestionID":"QID415","QuestionIsInLoop":"no","ChoiceLocator":"q:\/\/QID415\/SelectableChoice\/1","Operator":"Selected","QuestionIDFromLocator":"QID415","LeftOperand":"q:\/\/QID415\/SelectableChoice\/1","Type":"Expression","Description":"<span class=\"ConjDesc\">Or<\/span> <span class=\"QuestionDesc\">Note: If you are having a technical issue and cannot enter your completion code (chat not working...<\/span> <span class=\"LeftOpDesc\">I am having a problem<\/span> <span class=\"OpDesc\">Is Selected<\/span> ","Conjuction":"Or"},"Type":"If"},"Type":"BooleanExpression"},"Flow":[{"Type":"Branch","FlowID":"FL_90","Description":"New Branch","BranchLogic":{"0":{"0":{"LogicType":"Question","QuestionID":"QID415","QuestionIsInLoop":"no","ChoiceLocator":"q:\/\/QID415\/SelectableChoice\/1","Operator":"Selected","QuestionIDFromLocator":"QID415","LeftOperand":"q:\/\/QID415\/SelectableChoice\/1","Type":"Expression","Description":"<span class=\"ConjDesc\">If<\/span> <span class=\"QuestionDesc\">Note: If you are having a technical issue and cannot enter your completion code (chat not working...<\/span> <span class=\"LeftOpDesc\">I am having a problem<\/span> <span class=\"OpDesc\">Is Selected<\/span> "},"Type":"If"},"Type":"BooleanExpression"},"Flow":[{"Type":"Standard","ID":"BL_dpAkJulZoZm26jQ","FlowID":"FL_89","Autofill":[]}]},{"Type":"Standard","ID":"BL_38GE43XFS53MNhk","FlowID":"FL_53","Autofill":[]},{"Type":"Standard","ID":"BL_cHKfo5GLofvlekK","FlowID":"FL_95","Autofill":[]}]}]},{"Type":"Standard","ID":"BL_bCOuNpU3wXDcezA","FlowID":"FL_63","Autofill":[]},{"Type":"Standard","ID":"BL_6Mve0uJqh9jpXaS","FlowID":"FL_85","Autofill":[]},{"Type":"EndSurvey","FlowID":"FL_15"}],"Properties":{"Count":97,"RemovedFieldsets":[]}}},{"SurveyID":"SV_1Lo6YtYahrPGVjE","Element":"PL","PrimaryAttribute":"Preview Link","SecondaryAttribute":null,"TertiaryAttribute":null,"Payload":{"PreviewType":"Brand","PreviewID":"d8761e6d-b23d-48e7-85f1-5312aa402204"}},{"SurveyID":"SV_1Lo6YtYahrPGVjE","Element":"SO","PrimaryAttribute":"Survey Options","SecondaryAttribute":null,"TertiaryAttribute":null,"Payload":{"BackButton":"false","SaveAndContinue":"true","SurveyProtection":"PublicSurvey","BallotBoxStuffingPrevention":"false","NoIndex":"Yes","SecureResponseFiles":"true","SurveyExpiration":null,"SurveyTermination":"DisplayMessage","Header":"","Footer":"","ProgressBarDisplay":"None","PartialData":"+4 hour","ValidationMessage":"","PreviousButton":" \u2190 ","NextButton":" \u2192 ","SkinLibrary":"princetonsurvey","SkinType":"templated","Skin":{"brandingId":null,"templateId":"*2014","overrides":{"colors":{"primary":"#3c7d3c"}}},"NewScoring":1,"ProtectSelectionIds":true,"EOSMessage":"MS_b1qsW1Y7vlETaLk","ShowExportTags":"false","CollectGeoLocation":"false","SurveyTitle":"Online Survey Software | Qualtrics Survey Solutions","SurveyMetaDescription":"Qualtrics sophisticated online survey software solutions make creating online surveys easy. Learn more about Research Suite and get a free account today.","PasswordProtection":"No","AnonymizeResponse":"No","Password":"","RefererCheck":"No","RefererURL":"http:\/\/","ResponseSummary":"No","EOSMessageLibrary":"UR_56zjsj43Ehr7qap","EOSRedirectURL":"https:\/\/app.prolific.co\/submissions\/complete?cc=51A038FF","EmailThankYou":"false","ThankYouEmailMessageLibrary":null,"ThankYouEmailMessage":null,"ValidateMessage":"true","ValidationMessageLibrary":"","InactiveSurvey":"DefaultMessage","PartialDataCloseAfter":"SurveyStart","ActiveResponseSet":null,"InactiveMessageLibrary":"","InactiveMessage":"","AvailableLanguages":{"EN":[]},"UseCustomSurveyLinkCompletedMessage":null,"SurveyLinkCompletedMessage":"","SurveyLinkCompletedMessageLibrary":"","CustomStyles":{"customCSS":""},"PartialDeletion":null,"SurveyName":"Introducing ReChat Study 1"}},{"SurveyID":"SV_1Lo6YtYahrPGVjE","Element":"SQ","PrimaryAttribute":"QID414","SecondaryAttribute":null,"TertiaryAttribute":null,"Payload":{"QuestionText":"<meta name=\"viewport\" content=\"width=device-width, initial-scale=1.0, maximum-scale=1.0, user-scalable=no\" \/>\n\n<iframe id=\"rechat\" height=\"700\" width=\"100%\" style=\"border:4px solid #d3d3d3;border-radius:8px\" src=\"https:\/\/app.reso.chat?group=60feadb4da38763dd320306e\" allow=\"clipboard-read;clipboard-write\" ><\/iframe>","DefaultChoices":false,"DataExportTag":"iframe_reps","QuestionType":"DB","Selector":"TB","DataVisibility":{"Private":false,"Hidden":false},"Configuration":{"QuestionDescriptionOption":"UseText"},"ChoiceOrder":[],"Validation":{"Settings":{"Type":"None"}},"GradingData":[],"Language":[],"NextChoiceId":4,"NextAnswerId":1,"QuestionID":"QID414","DisplayLogic":{"0":{"0":{"Description":"<span class=\"ConjDesc\">If<\/span>  <span class=\"LeftOpDesc\">partisanship<\/span> <span class=\"OpDesc\">Is Equal to<\/span> <span class=\"RightOpDesc\"> Republican <\/span>","LeftOperand":"partisanship","LogicType":"EmbeddedField","Operator":"EqualTo","RightOperand":"Republican","Type":"Expression"},"Type":"If"},"Type":"BooleanExpression","inPage":false}}},{"SurveyID":"SV_1Lo6YtYahrPGVjE","Element":"SCO","PrimaryAttribute":"Scoring","SecondaryAttribute":null,"TertiaryAttribute":null,"Payload":{"ScoringCategories":[],"ScoringCategoryGroups":[],"ScoringSummaryCategory":null,"ScoringSummaryAfterQuestions":0,"ScoringSummaryAfterSurvey":0,"DefaultScoringCategory":null,"AutoScoringCategory":null}},{"SurveyID":"SV_1Lo6YtYahrPGVjE","Element":"PROJ","PrimaryAttribute":"CORE","SecondaryAttribute":null,"TertiaryAttribute":"1.1.0","Payload":{"ProjectCategory":"CORE","SchemaVersion":"1.1.0"}},{"SurveyID":"SV_1Lo6YtYahrPGVjE","Element":"STAT","PrimaryAttribute":"Survey Statistics","SecondaryAttribute":null,"TertiaryAttribute":null,"Payload":{"MobileCompatible":true,"ID":"Survey Statistics"}},{"SurveyID":"SV_1Lo6YtYahrPGVjE","Element":"SQ","PrimaryAttribute":"QID389","SecondaryAttribute":" ","TertiaryAttribute":null,"Payload":{"QuestionText":"<iframe width=\"100%\" style=\"border:4px solid #d3d3d3;border-radius:8px\" src=\"https:\/\/app.reso.chat?group=60fead53da38763dd320306d\" id=\"rechat\" height=\"700\"><\/iframe>","DefaultChoices":false,"DataExportTag":"iframe_dems","QuestionType":"DB","Selector":"TB","Configuration":{"QuestionDescriptionOption":"UseText"},"QuestionDescription":" ","ChoiceOrder":[],"Validation":{"Settings":{"Type":"None"}},"GradingData":[],"Language":[],"NextChoiceId":4,"NextAnswerId":1,"QuestionID":"QID389","DataVisibility":{"Private":false,"Hidden":false},"DisplayLogic":{"0":{"0":{"Description":"<span class=\"ConjDesc\">If<\/span>  <span class=\"LeftOpDesc\">partisanship<\/span> <span class=\"OpDesc\">Is Equal to<\/span> <span class=\"RightOpDesc\"> Democrat <\/span>","LeftOperand":"partisanship","LogicType":"EmbeddedField","Operator":"EqualTo","RightOperand":"Democrat","Type":"Expression"},"Type":"If"},"Type":"BooleanExpression","inPage":false}}},{"SurveyID":"SV_1Lo6YtYahrPGVjE","Element":"SQ","PrimaryAttribute":"QID441","SecondaryAttribute":"${lm:\/\/Field\/1}","TertiaryAttribute":null,"Payload":{"QuestionText":"<b>${lm:\/\/Field\/1}<\/b>","DefaultChoices":false,"DataExportTag":"extroversion","QuestionType":"MC","Selector":"SAVR","SubSelector":"TX","Configuration":{"QuestionDescriptionOption":"UseText"},"QuestionDescription":"${lm:\/\/Field\/1}","Choices":{"11":{"Display":"Strongly agree"},"12":{"Display":"Agree"},"13":{"Display":"Neither agree nor disagree"},"14":{"Display":"Disagree"},"15":{"Display":"Strongly disagree"}},"ChoiceOrder":["11","12","13","14","15"],"Validation":{"Settings":{"ForceResponse":"RequestResponse","ForceResponseType":"RequestResponse","Type":"None"}},"GradingData":[],"Language":[],"NextChoiceId":16,"NextAnswerId":1,"QuestionID":"QID441","DataVisibility":{"Private":false,"Hidden":false}}},{"SurveyID":"SV_1Lo6YtYahrPGVjE","Element":"QC","PrimaryAttribute":"Survey Question Count","SecondaryAttribute":"446","TertiaryAttribute":null,"Payload":null},{"SurveyID":"SV_1Lo6YtYahrPGVjE","Element":"SQ","PrimaryAttribute":"QID391","SecondaryAttribute":"BONUS OPPORTUNITY: Chat with another\u00a0${e:\/\/Field\/partisanship} for 5 minutes You now have an oppo..","TertiaryAttribute":null,"Payload":{"QuestionText":"<u><b>BONUS OPPORTUNITY: Chat with another&nbsp;${e:\/\/Field\/partisanship} for 5 minutes<\/b><\/u>\n<div><br>\nYou now have an opportunity to participate in a chat. If you agree to participate, you will be placed into a waiting room, and then join a chatroom with another&nbsp;${e:\/\/Field\/partisanship} to discuss a political topic for 5 minutes.<\/div>\n\n<div>&nbsp;<\/div>\n\n<div>If you agree you will receive a <b>bonus of $1<\/b>, so your total compensation is <b>$1.75<\/b>.<\/div>\n\n<div>&nbsp;<\/div>\n\n<div>You can also receive an <b><em>additional<\/em> $1 bonus for being especially thorough<\/b> in discussing your topic. Half of all participating workers will receive this bonus (further details are provided on the next page), bringing your total compensation to <b>$2.75<\/b>.<\/div>\n\n<div>&nbsp;<\/div>\n\n<div>You may wait in the waiting room for up to 5 minutes before your chat. If no partner arrives to chat with you within 5 minutes, your chat will be cancelled, but you will still receive the bonus for agreeing to participate.<\/div>\n\n<div>&nbsp;<\/div>\n\n<div>You do not have to participate if you don\u2019t want to, and you can exit any time.<\/div>","DefaultChoices":false,"QuestionType":"DB","Selector":"TB","Configuration":{"QuestionDescriptionOption":"UseText"},"QuestionDescription":"BONUS OPPORTUNITY: Chat with another\u00a0${e:\/\/Field\/partisanship} for 5 minutes You now have an oppo...","ChoiceOrder":[],"Validation":{"Settings":{"Type":"None"}},"GradingData":[],"Language":[],"NextChoiceId":4,"NextAnswerId":1,"DataVisibility":{"Private":false,"Hidden":false},"QuestionText_Unsafe":"<div>You are being asked to volunteer in a research study.&nbsp; If you agree to participate, you will be asked to answer questions about US politics and your political views.<\/div><div><br><\/div><div>There are no foreseeable costs to you for participating in this study.&nbsp; The only benefit you are expected receive from this study is monetary compensation. You do not have to participate if you don\u2019t want to, and you can exit at any time.<\/div><div><br><\/div><div>If you have any questions, concerns, or complaints about the study, you may contact William Schulz at wschulz@princeton.edu, or Xiaoxiao Shen at xiaoxiao@princeton.edu, or Andrew Guess at aguess@princeton.edu.&nbsp; You can also contact the Princeton University Institutional Review Board at irb@princeton.edu.&nbsp; If you answer \"YES, I want to participate\" below, it means that you have read the information contained in this letter and would like to be a volunteer in this research study.<\/div><div><br><\/div>","DataExportTag":"Q391","QuestionID":"QID391"}},{"SurveyID":"SV_1Lo6YtYahrPGVjE","Element":"SQ","PrimaryAttribute":"QID417","SecondaryAttribute":"Click to write the question text","TertiaryAttribute":null,"Payload":{"QuestionText":"Click to write the question text","DefaultChoices":false,"DataExportTag":"browser_info","QuestionType":"Meta","Selector":"Browser","Configuration":{"QuestionDescriptionOption":"UseText"},"QuestionDescription":"Click to write the question text","Choices":{"1":{"Display":"Browser","TextEntry":1},"2":{"Display":"Version","TextEntry":1},"3":{"Display":"Operating System","TextEntry":1},"4":{"Display":"Screen Resolution","TextEntry":1},"5":{"Display":"Flash Version","TextEntry":1},"6":{"Display":"Java Support","TextEntry":1},"7":{"Display":"User Agent","TextEntry":1}},"GradingData":[],"Language":[],"NextChoiceId":4,"NextAnswerId":1,"QuestionID":"QID417"}},{"SurveyID":"SV_1Lo6YtYahrPGVjE","Element":"RS","PrimaryAttribute":"RS_0HSsbYkrBDqzwDc","SecondaryAttribute":"Default Response Set","TertiaryAttribute":null,"Payload":null},{"SurveyID":"SV_1Lo6YtYahrPGVjE","Element":"SQ","PrimaryAttribute":"QID392","SecondaryAttribute":"Do you consent to participate in a chat?","TertiaryAttribute":null,"Payload":{"QuestionText":"Do you consent to participate in a chat?","QuestionType":"MC","Selector":"SAVR","SubSelector":"TX","Configuration":{"QuestionDescriptionOption":"UseText"},"QuestionDescription":"Do you consent to participate in a chat?","Choices":{"1":{"Display":"Yes, I want to participate"},"2":{"Display":"No, I do not want to participate"}},"ChoiceOrder":["1","2"],"Validation":{"Settings":{"ForceResponse":"ON","ForceResponseType":"ON","Type":"None"}},"Language":[],"NextChoiceId":4,"NextAnswerId":1,"DataVisibility":{"Private":false,"Hidden":false},"QuestionText_Unsafe":"Do you consent to participate in this study?","DataExportTag":"chat_consent","QuestionID":"QID392"}},{"SurveyID":"SV_1Lo6YtYahrPGVjE","Element":"SQ","PrimaryAttribute":"QID331","SecondaryAttribute":"Do you consent to participate in this study?","TertiaryAttribute":null,"Payload":{"QuestionText":"Do you consent to participate in this study?","DataExportTag":"consent_response","QuestionType":"MC","Selector":"SAVR","SubSelector":"TX","Configuration":{"QuestionDescriptionOption":"UseText"},"QuestionDescription":"Do you consent to participate in this study?","Choices":{"1":{"Display":"Yes, I want to participate"},"2":{"Display":"No, I do not want to participate"}},"ChoiceOrder":["1","2"],"Validation":{"Settings":{"ForceResponse":"ON","ForceResponseType":"ON","Type":"None"}},"Language":[],"NextChoiceId":4,"NextAnswerId":1,"QuestionID":"QID331","DataVisibility":{"Private":false,"Hidden":false}}},{"SurveyID":"SV_1Lo6YtYahrPGVjE","Element":"SQ","PrimaryAttribute":"QID443","SecondaryAttribute":"Do you use any of the following social media services? (check all that apply)","TertiaryAttribute":null,"Payload":{"ChoiceOrder":["1","2","3","9","10","11"],"Choices":{"1":{"Display":"Twitter"},"10":{"Display":"TikTok"},"11":{"Display":"YouTube"},"2":{"Display":"Facebook"},"3":{"Display":"Instagram"},"9":{"Display":"Reddit"}},"Configuration":{"QuestionDescriptionOption":"UseText"},"DataExportTag":"social_media","DataVisibility":{"Hidden":false,"Private":false},"Language":[],"NextAnswerId":1,"NextChoiceId":12,"QuestionDescription":"Do you use any of the following social media services? (check all that apply)","QuestionID":"QID443","QuestionText":"Do you use any of the following social media services? (check all that apply)","QuestionText_Unsafe":"Do you use any of the following social media services? (check all that apply)","QuestionType":"MC","Randomization":{"Advanced":null,"EvenPresentation":false,"TotalRandSubset":"","Type":"All"},"Selector":"MAVR","SubSelector":"TX","Validation":{"Settings":{"ForceResponse":"RequestResponse","ForceResponseType":"RequestResponse","Type":"None"}}}},{"SurveyID":"SV_1Lo6YtYahrPGVjE","Element":"SQ","PrimaryAttribute":"QID413","SecondaryAttribute":"Finally, we'd again like you to rate these groups using the FEELING THERMOMETER. Ratings between...","TertiaryAttribute":null,"Payload":{"QuestionText":"Finally, we'd again like you to rate these groups using the FEELING THERMOMETER.<div><br><\/div><div>Ratings between 50 degrees and 100 degrees mean that you feel favorable toward that group. Ratings between 0 degrees and 50 degrees mean that you don't feel favorable toward that group. You would rate a group at the 50 degree mark if you don't feel one way or the other about them.<\/div>","DefaultChoices":false,"DataExportTag":"thermo_post","QuestionType":"Slider","Selector":"HSLIDER","DataVisibility":{"Private":false,"Hidden":false},"Configuration":{"QuestionDescriptionOption":"UseText","CSSliderMin":0,"CSSliderMax":100,"GridLines":10,"SnapToGrid":false,"NumDecimals":0,"ShowValue":true,"CustomStart":true,"SliderStartPositions":{"4":0,"7":0},"NotApplicable":false,"MobileFirst":true},"QuestionDescription":"Finally, we'd again like you to rate these groups using the FEELING THERMOMETER. Ratings between...","Choices":{"4":{"Display":"<strong>Democrats<\/strong>"},"7":{"Display":"<strong>Republicans<\/strong>"}},"ChoiceOrder":["4","7"],"Randomization":{"Advanced":null,"ConsistentScaleReversal":true,"TotalRandSubset":"","Type":"ScaleReversal"},"Validation":{"Settings":{"ForceResponse":"RequestResponse","ForceResponseType":"RequestResponse","Type":"None"}},"GradingData":[],"Language":[],"NextChoiceId":14,"NextAnswerId":4,"Labels":{"1":{"Display":"COLD"},"2":{"Display":"NEUTRAL"},"3":{"Display":"WARM"}},"QuestionID":"QID413"}},{"SurveyID":"SV_1Lo6YtYahrPGVjE","Element":"SQ","PrimaryAttribute":"QID394","SecondaryAttribute":"Generally speaking, do you usually think of yourself as a Republican, a Democrat, an Independent,...","TertiaryAttribute":null,"Payload":{"QuestionText":"<p>Generally speaking, do you usually think of yourself as a Republican, a Democrat, an Independent, or something else?<\/p>","DataExportTag":"PID","QuestionType":"MC","Selector":"SAVR","SubSelector":"TX","DataVisibility":{"Private":false,"Hidden":false},"Configuration":{"QuestionDescriptionOption":"UseText"},"QuestionDescription":"Generally speaking, do you usually think of yourself as a Republican, a Democrat, an Independent,...","Choices":{"1":{"Display":"Republican"},"2":{"Display":"Democrat"},"3":{"Display":"Independent"},"5":{"Display":"Something else"}},"ChoiceOrder":[1,2,3,5],"Randomization":{"Advanced":{"FixedOrder":["{~Randomized~}","{~Randomized~}","3","5"],"RandomSubSet":[],"RandomizeAll":["1","2"],"ScaleReversal":[],"TotalRandSubset":0,"Undisplayed":[]},"ConsistentScaleReversal":false,"EvenPresentation":false,"TotalRandSubset":"","Type":"Advanced"},"Validation":{"Settings":{"ForceResponse":"ON","ForceResponseType":"ON","Type":"None"}},"Language":[],"NextChoiceId":6,"NextAnswerId":1,"QuestionID":"QID394"}},{"SurveyID":"SV_1Lo6YtYahrPGVjE","Element":"SQ","PrimaryAttribute":"QID402","SecondaryAttribute":"Here is a 7-point scale on which the political views that people might hold are arranged from ver...","TertiaryAttribute":null,"Payload":{"QuestionText":"Here is a 7-point scale on which the political views that people might hold are arranged from very liberal to very conservative. Where would you place yourself on this scale?","DefaultChoices":false,"DataExportTag":"ideology","QuestionType":"MC","Selector":"SAVR","SubSelector":"TX","DataVisibility":{"Private":false,"Hidden":false},"Configuration":{"QuestionDescriptionOption":"UseText","LabelPosition":"BELOW"},"QuestionDescription":"Here is a 7-point scale on which the political views that people might hold are arranged from ver...","Choices":{"1":{"Display":"Very Liberal"},"2":{"Display":"Liberal"},"3":{"Display":"Moderate"},"4":{"Display":"Conservative"},"5":{"Display":"Very Conservative"},"6":{"Display":"Slightly Liberal"},"8":{"Display":"Slightly Conservative"}},"ChoiceOrder":["1","2","6","3","8","4","5"],"Randomization":{"Advanced":null,"ConsistentScaleReversal":true,"TotalRandSubset":"","Type":"ScaleReversal"},"Validation":{"Settings":{"ForceResponse":"RequestResponse","ForceResponseType":"RequestResponse","Type":"None"}},"GradingData":[],"Language":[],"NextChoiceId":9,"NextAnswerId":1,"QuestionID":"QID402"}},{"SurveyID":"SV_1Lo6YtYahrPGVjE","Element":"SQ","PrimaryAttribute":"QID438","SecondaryAttribute":"How good or bad of an actor would you be?","TertiaryAttribute":null,"Payload":{"ChoiceOrder":["1","2","3","4","5"],"Choices":{"1":{"Display":"Excellent"},"2":{"Display":"Good"},"3":{"Display":"Fair"},"4":{"Display":"Poor"},"5":{"Display":"Very poor"}},"Configuration":{"QuestionDescriptionOption":"UseText"},"DataExportTag":"selfMon2","DataVisibility":{"Hidden":false,"Private":false},"Language":[],"NextAnswerId":1,"NextChoiceId":6,"QuestionDescription":"How good or bad of an actor would you be?","QuestionID":"QID438","QuestionText":"How good or bad of an actor would you be?","QuestionText_Unsafe":"How good or bad of an actor would you be?","QuestionType":"MC","Selector":"SAVR","SubSelector":"TX","Validation":{"Settings":{"ForceResponse":"RequestResponse","ForceResponseType":"RequestResponse","Type":"None"}}}},{"SurveyID":"SV_1Lo6YtYahrPGVjE","Element":"SQ","PrimaryAttribute":"QID431","SecondaryAttribute":"How important is being a ${e:\/\/Field\/partisanship} to you?","TertiaryAttribute":null,"Payload":{"ChoiceOrder":["1","4","2","3"],"Choices":{"1":{"Display":"Extremely important"},"2":{"Display":"Not very important"},"3":{"Display":"Not important at all"},"4":{"Display":"Very important"}},"Configuration":{"QuestionDescriptionOption":"UseText"},"DataExportTag":"huddy1","DataVisibility":{"Hidden":false,"Private":false},"Language":[],"NextAnswerId":1,"NextChoiceId":5,"QuestionDescription":"How important is being a ${e:\/\/Field\/partisanship} to you?","QuestionID":"QID431","QuestionText":"How important is being a ${e:\/\/Field\/partisanship}  to you?","QuestionText_Unsafe":"How important is being a&nbsp;${e:\/\/Field\/identity_name} to you?","QuestionType":"MC","Selector":"SAVR","SubSelector":"TX","Validation":{"Settings":{"ForceResponse":"RequestResponse","ForceResponseType":"RequestResponse","Type":"None"}}}},{"SurveyID":"SV_1Lo6YtYahrPGVjE","Element":"SQ","PrimaryAttribute":"QID436","SecondaryAttribute":"How interested in politics are you?","TertiaryAttribute":null,"Payload":{"ChoiceOrder":["17","18","19","20","21"],"Choices":{"17":{"Display":"Not interested at all"},"18":{"Display":"Slightly interested"},"19":{"Display":"Moderately interested"},"20":{"Display":"Interested"},"21":{"Display":"Very interested"}},"Configuration":{"QuestionDescriptionOption":"UseText"},"DataExportTag":"polInt","DataVisibility":{"Hidden":false,"Private":false},"Language":[],"NextAnswerId":1,"NextChoiceId":22,"QuestionDescription":"How interested in politics are you?","QuestionID":"QID436","QuestionText":"How interested in politics are you?","QuestionText_Unsafe":"How interested in politics are you?","QuestionType":"MC","Selector":"SAVR","SubSelector":"TX","Validation":{"Settings":{"ForceResponse":"RequestResponse","ForceResponseType":"RequestResponse","Type":"None"}}}},{"SurveyID":"SV_1Lo6YtYahrPGVjE","Element":"SQ","PrimaryAttribute":"QID410","SecondaryAttribute":"How much did you enjoy participating in this chat?","TertiaryAttribute":null,"Payload":{"QuestionText":"How much did you enjoy participating in this chat?","DefaultChoices":false,"DataExportTag":"enjoyment","QuestionType":"MC","Selector":"SAVR","SubSelector":"TX","Configuration":{"QuestionDescriptionOption":"UseText"},"QuestionDescription":"How much did you enjoy participating in this chat?","Choices":{"1":{"Display":"Enjoyed it very much"},"2":{"Display":"Enjoyed it somewhat"},"3":{"Display":"Enjoyed it a little bit"},"4":{"Display":"Didn't enjoy it at all"}},"ChoiceOrder":["1","2","3","4"],"Validation":{"Settings":{"ForceResponse":"RequestResponse","ForceResponseType":"RequestResponse","Type":"None"}},"GradingData":[],"Language":[],"NextChoiceId":5,"NextAnswerId":1,"QuestionID":"QID410","DataVisibility":{"Private":false,"Hidden":false}}},{"SurveyID":"SV_1Lo6YtYahrPGVjE","Element":"SQ","PrimaryAttribute":"QID434","SecondaryAttribute":"How often do you get news or political information from the following sources?","TertiaryAttribute":null,"Payload":{"AnswerOrder":["1","2","3","4","5","6"],"Answers":{"1":{"Display":"Never"},"2":{"Display":"Less often"},"3":{"Display":"1-2 days a week"},"4":{"Display":"3-6 days a week"},"5":{"Display":"About once a day"},"6":{"Display":"Several times a day"}},"ChoiceDataExportTags":false,"ChoiceOrder":["1","2","3","4","5","6"],"Choices":{"1":{"Display":"TV"},"2":{"Display":"Newspapers or print magazines"},"3":{"Display":"Radio"},"4":{"Display":"Internet\/social media"},"5":{"Display":"Personal discussions"},"6":{"Display":"Podcasts"}},"Configuration":{"ChoiceColumnWidth":25,"MobileFirst":true,"QuestionDescriptionOption":"UseText","RepeatHeaders":"none","TextPosition":"inline","WhiteSpace":"OFF"},"DataExportTag":"news_media","DataVisibility":{"Hidden":false,"Private":false},"DefaultChoices":false,"GradingData":[],"Language":[],"NextAnswerId":7,"NextChoiceId":7,"QuestionDescription":"How often do you get news or political information from the following sources?","QuestionID":"QID434","QuestionText":"How often do you get news or political information from the following sources?","QuestionText_Unsafe":"How often do you get news or political information from the following sources?","QuestionType":"Matrix","Selector":"Likert","SubSelector":"SingleAnswer","Validation":{"Settings":{"ForceResponse":"RequestResponse","ForceResponseType":"RequestResponse","Type":"None"}}}},{"SurveyID":"SV_1Lo6YtYahrPGVjE","Element":"SQ","PrimaryAttribute":"QID432","SecondaryAttribute":"How well does the term ${e:\/\/Field\/partisanship} describe you?","TertiaryAttribute":null,"Payload":{"ChoiceOrder":["1","4","2","3"],"Choices":{"1":{"Display":"Extremely well"},"2":{"Display":"Not very well"},"3":{"Display":"Not at all"},"4":{"Display":"Very well"}},"Configuration":{"QuestionDescriptionOption":"UseText"},"DataExportTag":"huddy2","DataVisibility":{"Hidden":false,"Private":false},"Language":[],"NextAnswerId":1,"NextChoiceId":5,"QuestionDescription":"How well does the term ${e:\/\/Field\/partisanship} describe you?","QuestionID":"QID432","QuestionText":"How well does the term ${e:\/\/Field\/partisanship} describe you?","QuestionText_Unsafe":"How well does the term ${e:\/\/Field\/identity_name} describe you?","QuestionType":"MC","Selector":"SAVR","SubSelector":"TX","Validation":{"Settings":{"ForceResponse":"RequestResponse","ForceResponseType":"RequestResponse","Type":"None"}}}},{"SurveyID":"SV_1Lo6YtYahrPGVjE","Element":"SQ","PrimaryAttribute":"QID397","SecondaryAttribute":"If you had to choose, would you say you feel closer to the Republican Party or the Democratic Party?","TertiaryAttribute":null,"Payload":{"QuestionText":"If you had to choose, would you say you feel closer to the Republican Party or the Democratic Party?","DataExportTag":"PID_leaners","QuestionType":"MC","Selector":"SAVR","SubSelector":"TX","DataVisibility":{"Private":false,"Hidden":false},"Configuration":{"QuestionDescriptionOption":"UseText"},"QuestionDescription":"If you had to choose, would you say you feel closer to the Republican Party or the Democratic Party?","Choices":{"1":{"Display":"Closer to Republican Party"},"2":{"Display":"Closer to Democratic Party"}},"ChoiceOrder":["1","2"],"Validation":{"Settings":{"ForceResponse":"ON","ForceResponseType":"ON","Type":"None"}},"Language":[],"NextChoiceId":4,"NextAnswerId":1,"QuestionID":"QID397","DisplayLogic":{"0":{"0":{"ChoiceLocator":"q:\/\/QID394\/SelectableChoice\/3","Description":"<span class=\"ConjDesc\">If<\/span> <span class=\"QuestionDesc\">Generally speaking, do you usually think of yourself as a Republican, a Democrat, an Independent,...<\/span> <span class=\"LeftOpDesc\">Independent<\/span> <span class=\"OpDesc\">Is Selected<\/span> ","LeftOperand":"q:\/\/QID394\/SelectableChoice\/3","LogicType":"Question","Operator":"Selected","QuestionID":"QID394","QuestionIDFromLocator":"QID394","QuestionIsInLoop":"no","Type":"Expression"},"1":{"ChoiceLocator":"q:\/\/QID394\/SelectableChoice\/5","Conjuction":"Or","Description":"<span class=\"ConjDesc\">Or<\/span> <span class=\"QuestionDesc\">Generally speaking, do you usually think of yourself as a Republican, a Democrat, an Independent,...<\/span> <span class=\"LeftOpDesc\">Something else<\/span> <span class=\"OpDesc\">Is Selected<\/span> ","LeftOperand":"q:\/\/QID394\/SelectableChoice\/5","LogicType":"Question","Operator":"Selected","QuestionID":"QID394","QuestionIDFromLocator":"QID394","QuestionIsInLoop":"no","Type":"Expression"},"Type":"If"},"Type":"BooleanExpression","inPage":false}}},{"SurveyID":"SV_1Lo6YtYahrPGVjE","Element":"SQ","PrimaryAttribute":"QID401","SecondaryAttribute":"If you had to guess, would you say that your chat partner was...","TertiaryAttribute":null,"Payload":{"QuestionText":"If you had to guess, would you say that your chat partner was...","DataExportTag":"guess_partner_ideo","QuestionType":"MC","Selector":"SAVR","SubSelector":"TX","Configuration":{"QuestionDescriptionOption":"UseText"},"QuestionDescription":"If you had to guess, would you say that your chat partner was...","Choices":{"1":{"Display":"Very Liberal"},"2":{"Display":"Liberal"},"3":{"Display":"Slightly Liberal"},"4":{"Display":"Moderate"},"5":{"Display":"Slightly Conservative"},"6":{"Display":"Conservative"},"7":{"Display":"Very Conservative"}},"ChoiceOrder":["1","2","3","4","5","6","7"],"Validation":{"Settings":{"ForceResponse":"RequestResponse","ForceResponseType":"RequestResponse","Type":"None"}},"Language":[],"NextChoiceId":8,"NextAnswerId":1,"QuestionID":"QID401","DataVisibility":{"Private":false,"Hidden":false},"Randomization":{"Advanced":null,"ConsistentScaleReversal":true,"TotalRandSubset":"","Type":"ScaleReversal"}}},{"SurveyID":"SV_1Lo6YtYahrPGVjE","Element":"SQ","PrimaryAttribute":"QID423","SecondaryAttribute":"In a few words, can you tell us why you don't want to participate in a chat?","TertiaryAttribute":null,"Payload":{"QuestionText":"In a few words, can you tell us why you don't want to participate in a chat?","DefaultChoices":false,"DataExportTag":"why_not","QuestionType":"TE","Selector":"SL","Configuration":{"QuestionDescriptionOption":"UseText"},"QuestionDescription":"In a few words, can you tell us why you don't want to participate in a chat?","Validation":{"Settings":{"ForceResponse":"OFF","Type":"None"}},"GradingData":[],"Language":[],"NextChoiceId":4,"NextAnswerId":1,"SearchSource":{"AllowFreeResponse":"false"},"QuestionID":"QID423"}},{"SurveyID":"SV_1Lo6YtYahrPGVjE","Element":"SQ","PrimaryAttribute":"QID446","SecondaryAttribute":"In general, what proportion of the content you post on\u00a0${q:\/\/QID444\/ChoiceGroup\/SelectedChoices}...","TertiaryAttribute":null,"Payload":{"ChoiceOrder":["26","27","28","29","30"],"Choices":{"26":{"Display":"Almost none"},"27":{"Display":"Less than half"},"28":{"Display":"About half"},"29":{"Display":"More than half"},"30":{"Display":"Almost all"}},"Configuration":{"QuestionDescriptionOption":"UseText"},"DataExportTag":"sm_postpol","DataVisibility":{"Hidden":false,"Private":false},"DefaultChoices":false,"GradingData":[],"Language":[],"NextAnswerId":7,"NextChoiceId":31,"QuestionDescription":"In general, what proportion of the content you post on\u00a0${q:\/\/QID444\/ChoiceGroup\/SelectedChoices}...","QuestionID":"QID446","QuestionText":"In general, what proportion of the content <b>you post<\/b> on&nbsp;${q:\/\/QID444\/ChoiceGroup\/SelectedChoices} is about politics or current events?","QuestionText_Unsafe":"In general, what proportion of the content <b>you post<\/b> on&nbsp;${q:\/\/QID389\/ChoiceGroup\/SelectedChoices} is about politics or current events?","QuestionType":"MC","Selector":"SAVR","SubSelector":"TX","Validation":{"Settings":{"ForceResponse":"RequestResponse","ForceResponseType":"RequestResponse","Type":"None"}},"DisplayLogic":{"0":{"0":{"LogicType":"Question","QuestionID":"QID444","QuestionIsInLoop":"no","ChoiceLocator":"q:\/\/QID444\/SelectableChoice\/x1","Operator":"Selected","QuestionIDFromLocator":"QID444","LeftOperand":"q:\/\/QID444\/SelectableChoice\/x1","Type":"Expression","Description":"<span class=\"ConjDesc\">If<\/span> <span class=\"QuestionDesc\">Which social media service do you use most to express your opinions about politics or current eve...<\/span> <span class=\"LeftOpDesc\">Twitter<\/span> <span class=\"OpDesc\">Is Selected<\/span> "},"1":{"LogicType":"Question","QuestionID":"QID444","QuestionIsInLoop":"no","ChoiceLocator":"q:\/\/QID444\/SelectableChoice\/x2","Operator":"Selected","QuestionIDFromLocator":"QID444","LeftOperand":"q:\/\/QID444\/SelectableChoice\/x2","Type":"Expression","Description":"<span class=\"ConjDesc\">Or<\/span> <span class=\"QuestionDesc\">Which social media service do you use most to express your opinions about politics or current eve...<\/span> <span class=\"LeftOpDesc\">Facebook<\/span> <span class=\"OpDesc\">Is Selected<\/span> ","Conjuction":"Or"},"2":{"LogicType":"Question","QuestionID":"QID444","QuestionIsInLoop":"no","ChoiceLocator":"q:\/\/QID444\/SelectableChoice\/x3","Operator":"Selected","QuestionIDFromLocator":"QID444","LeftOperand":"q:\/\/QID444\/SelectableChoice\/x3","Type":"Expression","Description":"<span class=\"ConjDesc\">Or<\/span> <span class=\"QuestionDesc\">Which social media service do you use most to express your opinions about politics or current eve...<\/span> <span class=\"LeftOpDesc\">Instagram<\/span> <span class=\"OpDesc\">Is Selected<\/span> ","Conjuction":"Or"},"3":{"LogicType":"Question","QuestionID":"QID444","QuestionIsInLoop":"no","ChoiceLocator":"q:\/\/QID444\/SelectableChoice\/x9","Operator":"Selected","QuestionIDFromLocator":"QID444","LeftOperand":"q:\/\/QID444\/SelectableChoice\/x9","Type":"Expression","Description":"<span class=\"ConjDesc\">Or<\/span> <span class=\"QuestionDesc\">Which social media service do you use most to express your opinions about politics or current eve...<\/span> <span class=\"LeftOpDesc\">Reddit<\/span> <span class=\"OpDesc\">Is Selected<\/span> ","Conjuction":"Or"},"4":{"LogicType":"Question","QuestionID":"QID444","QuestionIsInLoop":"no","ChoiceLocator":"q:\/\/QID444\/SelectableChoice\/x10","Operator":"Selected","QuestionIDFromLocator":"QID444","LeftOperand":"q:\/\/QID444\/SelectableChoice\/x10","Type":"Expression","Description":"<span class=\"ConjDesc\">Or<\/span> <span class=\"QuestionDesc\">Which social media service do you use most to express your opinions about politics or current eve...<\/span> <span class=\"LeftOpDesc\">TikTok<\/span> <span class=\"OpDesc\">Is Selected<\/span> ","Conjuction":"Or"},"5":{"LogicType":"Question","QuestionID":"QID444","QuestionIsInLoop":"no","ChoiceLocator":"q:\/\/QID444\/SelectableChoice\/x11","Operator":"Selected","QuestionIDFromLocator":"QID444","LeftOperand":"q:\/\/QID444\/SelectableChoice\/x11","Type":"Expression","Description":"<span class=\"ConjDesc\">Or<\/span> <span class=\"QuestionDesc\">Which social media service do you use most to express your opinions about politics or current eve...<\/span> <span class=\"LeftOpDesc\">YouTube<\/span> <span class=\"OpDesc\">Is Selected<\/span> ","Conjuction":"Or"},"Type":"If"},"Type":"BooleanExpression","inPage":false}}},{"SurveyID":"SV_1Lo6YtYahrPGVjE","Element":"SQ","PrimaryAttribute":"QID445","SecondaryAttribute":"In the past week, on average, approximately how much time per day have you spent actively using $...","TertiaryAttribute":null,"Payload":{"ChoiceOrder":["4","10","11","12","13","14","15"],"Choices":{"4":{"Display":"None"},"10":{"Display":"Less than 10 minutes per day"},"11":{"Display":"10-30 minutes per day"},"12":{"Display":"31-59 minutes per day"},"13":{"Display":"1-2 hours per day"},"14":{"Display":"2-3 hours per day"},"15":{"Display":"More than 3 hours per day"}},"Configuration":{"QuestionDescriptionOption":"UseText"},"DataExportTag":"sm_usage","DataVisibility":{"Hidden":false,"Private":false},"DefaultChoices":false,"GradingData":[],"Language":[],"NextAnswerId":7,"NextChoiceId":16,"QuestionDescription":"In the past week, on average, approximately how much time per day have you spent actively using $...","QuestionID":"QID445","QuestionText":"In the past week, on average, approximately how much time per day have you spent actively using ${q:\/\/QID444\/ChoiceGroup\/SelectedChoices}?","QuestionText_Unsafe":"In the past week, on average, approximately how much time per day have you spent actively using ${q:\/\/QID389\/ChoiceGroup\/SelectedChoices}?","QuestionType":"MC","Selector":"SAVR","SubSelector":"TX","Validation":{"Settings":{"ForceResponse":"RequestResponse","ForceResponseType":"RequestResponse","Type":"None"}},"DisplayLogic":{"0":{"0":{"LogicType":"Question","QuestionID":"QID444","QuestionIsInLoop":"no","ChoiceLocator":"q:\/\/QID444\/SelectableChoice\/x1","Operator":"Selected","QuestionIDFromLocator":"QID444","LeftOperand":"q:\/\/QID444\/SelectableChoice\/x1","Type":"Expression","Description":"<span class=\"ConjDesc\">If<\/span> <span class=\"QuestionDesc\">Which social media service do you use most to express your opinions about politics or current eve...<\/span> <span class=\"LeftOpDesc\">Twitter<\/span> <span class=\"OpDesc\">Is Selected<\/span> "},"1":{"LogicType":"Question","QuestionID":"QID444","QuestionIsInLoop":"no","ChoiceLocator":"q:\/\/QID444\/SelectableChoice\/x2","Operator":"Selected","QuestionIDFromLocator":"QID444","LeftOperand":"q:\/\/QID444\/SelectableChoice\/x2","Type":"Expression","Description":"<span class=\"ConjDesc\">Or<\/span> <span class=\"QuestionDesc\">Which social media service do you use most to express your opinions about politics or current eve...<\/span> <span class=\"LeftOpDesc\">Facebook<\/span> <span class=\"OpDesc\">Is Selected<\/span> ","Conjuction":"Or"},"2":{"LogicType":"Question","QuestionID":"QID444","QuestionIsInLoop":"no","ChoiceLocator":"q:\/\/QID444\/SelectableChoice\/x3","Operator":"Selected","QuestionIDFromLocator":"QID444","LeftOperand":"q:\/\/QID444\/SelectableChoice\/x3","Type":"Expression","Description":"<span class=\"ConjDesc\">Or<\/span> <span class=\"QuestionDesc\">Which social media service do you use most to express your opinions about politics or current eve...<\/span> <span class=\"LeftOpDesc\">Instagram<\/span> <span class=\"OpDesc\">Is Selected<\/span> ","Conjuction":"Or"},"3":{"LogicType":"Question","QuestionID":"QID444","QuestionIsInLoop":"no","ChoiceLocator":"q:\/\/QID444\/SelectableChoice\/x9","Operator":"Selected","QuestionIDFromLocator":"QID444","LeftOperand":"q:\/\/QID444\/SelectableChoice\/x9","Type":"Expression","Description":"<span class=\"ConjDesc\">Or<\/span> <span class=\"QuestionDesc\">Which social media service do you use most to express your opinions about politics or current eve...<\/span> <span class=\"LeftOpDesc\">Reddit<\/span> <span class=\"OpDesc\">Is Selected<\/span> ","Conjuction":"Or"},"4":{"LogicType":"Question","QuestionID":"QID444","QuestionIsInLoop":"no","ChoiceLocator":"q:\/\/QID444\/SelectableChoice\/x10","Operator":"Selected","QuestionIDFromLocator":"QID444","LeftOperand":"q:\/\/QID444\/SelectableChoice\/x10","Type":"Expression","Description":"<span class=\"ConjDesc\">Or<\/span> <span class=\"QuestionDesc\">Which social media service do you use most to express your opinions about politics or current eve...<\/span> <span class=\"LeftOpDesc\">TikTok<\/span> <span class=\"OpDesc\">Is Selected<\/span> ","Conjuction":"Or"},"5":{"LogicType":"Question","QuestionID":"QID444","QuestionIsInLoop":"no","ChoiceLocator":"q:\/\/QID444\/SelectableChoice\/x11","Operator":"Selected","QuestionIDFromLocator":"QID444","LeftOperand":"q:\/\/QID444\/SelectableChoice\/x11","Type":"Expression","Description":"<span class=\"ConjDesc\">Or<\/span> <span class=\"QuestionDesc\">Which social media service do you use most to express your opinions about politics or current eve...<\/span> <span class=\"LeftOpDesc\">YouTube<\/span> <span class=\"OpDesc\">Is Selected<\/span> ","Conjuction":"Or"},"Type":"If"},"Type":"BooleanExpression","inPage":false}}},{"SurveyID":"SV_1Lo6YtYahrPGVjE","Element":"SQ","PrimaryAttribute":"QID403","SecondaryAttribute":"In what year were you born?","TertiaryAttribute":null,"Payload":{"QuestionText":"In what year were you born?","DefaultChoices":false,"DataExportTag":"birthyr","QuestionType":"TE","Selector":"SL","DataVisibility":{"Private":false,"Hidden":false},"Configuration":{"QuestionDescriptionOption":"UseText","InputWidth":266,"InputHeight":29},"QuestionDescription":"In what year were you born?","Validation":{"Settings":{"ForceResponse":"RequestResponse","ForceResponseType":"RequestResponse","Type":"ContentType","ContentType":"ValidNumber","ValidDateType":"DateWithFormat","ValidPhoneType":"ValidUSPhone","ValidZipType":"ValidUSZip","ValidNumber":{"Min":"1900","Max":"2020","NumDecimals":"0"}}},"GradingData":[],"Language":[],"NextChoiceId":4,"NextAnswerId":1,"SearchSource":{"AllowFreeResponse":"false"},"QuestionID":"QID403"}},{"SurveyID":"SV_1Lo6YtYahrPGVjE","Element":"SQ","PrimaryAttribute":"QID415","SecondaryAttribute":"Note: If you are having a technical issue and cannot enter your completion code (chat not working...","TertiaryAttribute":null,"Payload":{"QuestionText":"Note: If you are having a technical issue and cannot enter your completion code (chat not working, unable to copy\/paste completion code, etc) please click the button below:","DataExportTag":"had_problem","QuestionType":"MC","Selector":"MAVR","Configuration":{"QuestionDescriptionOption":"UseText"},"QuestionDescription":"Note: If you are having a technical issue and cannot enter your completion code (chat not working...","Choices":{"1":{"Display":"I am having a problem"}},"ChoiceOrder":["1"],"Validation":{"Settings":{"ForceResponse":"OFF","ForceResponseType":"ON","Type":"None"}},"Language":[],"NextChoiceId":5,"NextAnswerId":1,"QuestionID":"QID415","DataVisibility":{"Private":false,"Hidden":false},"SubSelector":"TX","QuestionJS":"Qualtrics.SurveyEngine.addOnload(function()\n{\n\t\/*Place your JavaScript here to run when the page loads*\/\n\t\n\tthis.questionclick = function(event,element)\n\n  {\n\n    \/\/by default you get the click event as the first parameter and the clicked element as the second parameter\n\n    console.log(event, element);\n\n    \/\/if (element.type == 'radio')\n\n    {\n\n      var choiceNum = element.id.split('~')[2];\n\t\t\/\/alert(choiceNum);\n\n      if (choiceNum == 1)\n\n      {\n\n        \/\/show the next button\n\n        this.showNextButton();\n\n      }\n\n      else\n\n      {\n\n        \/\/hide the next button\n\n        \/\/this.hideNextButton();\n\n      }\n\n    }\n\n  }\n\n});\n\nQualtrics.SurveyEngine.addOnReady(function()\n{\n\t\/*Place your JavaScript here to run when the page is fully displayed*\/\n\n});\n\nQualtrics.SurveyEngine.addOnUnload(function()\n{\n\t\/*Place your JavaScript here to run when the page is unloaded*\/\n\n});"}},{"SurveyID":"SV_1Lo6YtYahrPGVjE","Element":"SQ","PrimaryAttribute":"QID442","SecondaryAttribute":"On these pages you will find a series of statements about you. Please read each statement and dec...","TertiaryAttribute":null,"Payload":{"QuestionText":"On these pages you will find a series of statements about you.  Please read each statement and decide how much you agree or disagree with that statement:","DefaultChoices":false,"DataExportTag":"Q56","QuestionID":"QID442","QuestionType":"DB","Selector":"TB","Configuration":{"QuestionDescriptionOption":"UseText"},"QuestionDescription":"On these pages you will find a series of statements about you. Please read each statement and dec...","ChoiceOrder":[],"Validation":{"Settings":{"Type":"None"}},"GradingData":[],"Language":[],"NextChoiceId":4,"NextAnswerId":1,"DataVisibility":{"Private":false,"Hidden":false}}},{"SurveyID":"SV_1Lo6YtYahrPGVjE","Element":"SQ","PrimaryAttribute":"QID412","SecondaryAttribute":"OPTIONAL: Any general comments or feedback about the chat, or this study in general?\u00a0 Any suggest..","TertiaryAttribute":null,"Payload":{"QuestionText":"<b>OPTIONAL:<\/b> Any general comments or feedback about the chat, or this study in general?&nbsp; Any suggestions?","DefaultChoices":false,"DataExportTag":"feedback_freetext","QuestionType":"TE","Selector":"ML","Configuration":{"QuestionDescriptionOption":"UseText"},"QuestionDescription":"OPTIONAL: Any general comments or feedback about the chat, or this study in general?\u00a0 Any suggest...","Validation":{"Settings":{"ForceResponse":"OFF","Type":"None"}},"GradingData":[],"Language":[],"NextChoiceId":4,"NextAnswerId":1,"SearchSource":{"AllowFreeResponse":"false"},"QuestionID":"QID412"}},{"SurveyID":"SV_1Lo6YtYahrPGVjE","Element":"SQ","PrimaryAttribute":"QID420","SecondaryAttribute":"Optional: If you are able to take a screenshot of this page to show us the technical issue, pleas...","TertiaryAttribute":null,"Payload":{"QuestionText":"<b>Optional:<\/b> If you are able to take a screenshot of this page to show us the technical issue, please do so and then upload it here.&nbsp; Thank you!","DefaultChoices":false,"DataExportTag":"problem_screenshot","QuestionID":"QID420","QuestionType":"FileUpload","Selector":"FileUpload","Configuration":{"QuestionDescriptionOption":"UseText"},"QuestionDescription":"Optional: If you are able to take a screenshot of this page to show us the technical issue, pleas...","Validation":{"Settings":{"ForceResponse":"OFF","Type":"None"}},"GradingData":[],"Language":[],"NextChoiceId":4,"NextAnswerId":1,"ScreenCaptureText":"Capture Screen","InPageDisplayLogic":{"0":{"0":{"ChoiceLocator":"q:\/\/QID415\/SelectableChoice\/1","Description":"<span class=\"ConjDesc\">If<\/span> <span class=\"QuestionDesc\">Note: If you are having a technical issue and cannot enter your completion code (chat not working, unable to copy\/paste completion code, etc) please click the button below:<\/span> <span class=\"LeftOpDesc\">I am having a problem<\/span> <span class=\"OpDesc\">Is Selected<\/span> ","LeftOperand":"q:\/\/QID415\/SelectableChoice\/1","LogicType":"Question","Operator":"Selected","QuestionID":"QID415","QuestionIDFromLocator":"QID415","QuestionIsInLoop":"no","Type":"Expression"},"Type":"If"},"Type":"BooleanExpression","inPage":true},"DataVisibility":{"Private":false,"Hidden":false}}},{"SurveyID":"SV_1Lo6YtYahrPGVjE","Element":"SQ","PrimaryAttribute":"QID440","SecondaryAttribute":"Please indicate your agreement with the following statements about your motivations during the ch...","TertiaryAttribute":null,"Payload":{"QuestionText":"Please indicate your agreement with the following statements about your motivations during the chat (this will not affect your bonus eligibility):","DefaultChoices":false,"DataExportTag":"motivations","QuestionType":"Matrix","Selector":"Likert","SubSelector":"SingleAnswer","Configuration":{"QuestionDescriptionOption":"UseText","TextPosition":"inline","ChoiceColumnWidth":25,"RepeatHeaders":"none","WhiteSpace":"OFF","MobileFirst":true,"Autoscale":{"XScale":{"Name":"agreeDisagree","Type":"likert","Reverse":true}}},"QuestionDescription":"Please indicate your agreement with the following statements about your motivations during the ch...","Choices":{"2":{"Display":"I wanted to get along with my partner"},"3":{"Display":"I wanted to say exactly what I thought about the issues raised"},"4":{"Display":"I wanted to finish this study as quickly and easily as possible"},"5":{"Display":"I wanted to get a good rating so I could get the extra bonus"}},"ChoiceOrder":["2","3","4","5"],"Validation":{"Settings":{"ForceResponse":"ON","ForceResponseType":"ON","Type":"None"}},"GradingData":[],"Language":[],"NextChoiceId":6,"NextAnswerId":16,"Answers":{"11":{"Display":"Strongly agree"},"12":{"Display":"Somewhat agree"},"13":{"Display":"Neither agree nor disagree"},"14":{"Display":"Somewhat disagree"},"15":{"Display":"Strongly disagree"}},"AnswerOrder":["11","12","13","14","15"],"ChoiceDataExportTags":false,"QuestionID":"QID440","Randomization":{"Advanced":null,"TotalRandSubset":"","Type":"All"},"DataVisibility":{"Private":false,"Hidden":false}}},{"SurveyID":"SV_1Lo6YtYahrPGVjE","Element":"SQ","PrimaryAttribute":"QID400","SecondaryAttribute":"Thank you for participating in this chat! Before you finish, we just want to ask you a few final...","TertiaryAttribute":null,"Payload":{"QuestionText":"Thank you for participating in this chat!&nbsp; Before you finish, we just want to ask you a few final questions.","DefaultChoices":false,"DataExportTag":"completion_thanks","QuestionID":"QID400","QuestionType":"DB","Selector":"TB","Configuration":{"QuestionDescriptionOption":"UseText"},"QuestionDescription":"Thank you for participating in this chat! Before you finish, we just want to ask you a few final...","ChoiceOrder":[],"Validation":{"Settings":{"Type":"None"}},"GradingData":[],"Language":[],"NextChoiceId":4,"NextAnswerId":1,"DataVisibility":{"Private":false,"Hidden":false}}},{"SurveyID":"SV_1Lo6YtYahrPGVjE","Element":"SQ","PrimaryAttribute":"QID422","SecondaryAttribute":"That's ok! We'll just ask a few more questions before you finish this survey.","TertiaryAttribute":null,"Payload":{"QuestionText":"That's ok!&nbsp; We'll just ask a few more questions before you finish this survey.","DefaultChoices":false,"DataExportTag":"Q36","QuestionType":"DB","Selector":"TB","Configuration":{"QuestionDescriptionOption":"UseText"},"QuestionDescription":"That's ok! We'll just ask a few more questions before you finish this survey.","ChoiceOrder":[],"Validation":{"Settings":{"Type":"None"}},"GradingData":[],"Language":[],"NextChoiceId":4,"NextAnswerId":1,"QuestionID":"QID422","DataVisibility":{"Private":false,"Hidden":false}}},{"SurveyID":"SV_1Lo6YtYahrPGVjE","Element":"SQ","PrimaryAttribute":"QID429","SecondaryAttribute":"Thoroughness Incentive Details \u00a0 After your chat, an expert team of\u00a0${e:\/\/Field\/reviewers} will r.","TertiaryAttribute":null,"Payload":{"QuestionText":"<u><b>Thoroughness Incentive Details<\/b><\/u>\n<div>&nbsp;<\/div>\n\n<div>After your chat, <b>an expert team of&nbsp;${e:\/\/Field\/reviewers}<\/b> will read the messages&nbsp;you sent during the chat, and <b>rate how thoroughly<\/b> you discussed the issue.<\/div><div><br><\/div><div>If you receive above-average ratings (relative to all workers participating in this study), we will grant you an <b>extra $1 bonus<\/b>, so your compensation will <b>total $2.75<\/b>.<\/div>","DefaultChoices":false,"DataExportTag":"Q43","QuestionType":"DB","Selector":"TB","Configuration":{"QuestionDescriptionOption":"UseText"},"QuestionDescription":"Thoroughness Incentive Details \u00a0 After your chat, an expert team of\u00a0${e:\/\/Field\/reviewers} will r...","ChoiceOrder":[],"Validation":{"Settings":{"Type":"None"}},"GradingData":[],"Language":[],"NextChoiceId":4,"NextAnswerId":1,"QuestionID":"QID429","DataVisibility":{"Private":false,"Hidden":false}}},{"SurveyID":"SV_1Lo6YtYahrPGVjE","Element":"SQ","PrimaryAttribute":"QID426","SecondaryAttribute":"Timing","TertiaryAttribute":null,"Payload":{"QuestionText":"Timing","DefaultChoices":false,"DataExportTag":"timer_chat","QuestionID":"QID426","QuestionType":"Timing","Selector":"PageTimer","Configuration":{"QuestionDescriptionOption":"UseText","MinSeconds":"0","MaxSeconds":"0"},"QuestionDescription":"Timing","Choices":{"1":{"Display":"First Click"},"2":{"Display":"Last Click"},"3":{"Display":"Page Submit"},"4":{"Display":"Click Count"}},"GradingData":[],"Language":[],"NextChoiceId":24,"NextAnswerId":1}},{"SurveyID":"SV_1Lo6YtYahrPGVjE","Element":"SQ","PrimaryAttribute":"QID427","SecondaryAttribute":"Timing","TertiaryAttribute":null,"Payload":{"QuestionText":"Timing","DefaultChoices":false,"DataExportTag":"timer_chatconsent","QuestionID":"QID427","QuestionType":"Timing","Selector":"PageTimer","Configuration":{"QuestionDescriptionOption":"UseText","MinSeconds":"0","MaxSeconds":"0"},"QuestionDescription":"Timing","Choices":{"1":{"Display":"First Click"},"2":{"Display":"Last Click"},"3":{"Display":"Page Submit"},"4":{"Display":"Click Count"}},"GradingData":[],"Language":[],"NextChoiceId":20,"NextAnswerId":1}},{"SurveyID":"SV_1Lo6YtYahrPGVjE","Element":"SQ","PrimaryAttribute":"QID428","SecondaryAttribute":"Timing","TertiaryAttribute":null,"Payload":{"QuestionText":"Timing","DefaultChoices":false,"DataExportTag":"timer_mainconsent","QuestionID":"QID428","QuestionType":"Timing","Selector":"PageTimer","Configuration":{"QuestionDescriptionOption":"UseText","MinSeconds":"0","MaxSeconds":"0"},"QuestionDescription":"Timing","Choices":{"1":{"Display":"First Click"},"2":{"Display":"Last Click"},"3":{"Display":"Page Submit"},"4":{"Display":"Click Count"}},"GradingData":[],"Language":[],"NextChoiceId":20,"NextAnswerId":1}},{"SurveyID":"SV_1Lo6YtYahrPGVjE","Element":"SQ","PrimaryAttribute":"QID425","SecondaryAttribute":"We apologize again for the technical issue you experienced.\u00a0 We will do our best to fix the issue..","TertiaryAttribute":null,"Payload":{"QuestionText":"We apologize again for the technical issue you experienced.&nbsp; We will do our best to fix the issue.&nbsp;&nbsp;If you'd like, you can participate in another one of our HITs in the future, and hopefully you will be able to participate in a chat at that time.<div><br><div> We'll just ask a few more questions before you finish this survey.&nbsp; If you can't answer some questions because your chat didn't work, feel free to skip to the next question.<br><\/div><div><\/div><\/div>","DefaultChoices":false,"DataExportTag":"Q39","QuestionType":"DB","Selector":"TB","DataVisibility":{"Private":false,"Hidden":false},"Configuration":{"QuestionDescriptionOption":"UseText"},"QuestionDescription":"We apologize again for the technical issue you experienced.\u00a0 We will do our best to fix the issue...","ChoiceOrder":[],"Validation":{"Settings":{"Type":"None"}},"GradingData":[],"Language":[],"NextChoiceId":4,"NextAnswerId":1,"QuestionID":"QID425"}},{"SurveyID":"SV_1Lo6YtYahrPGVjE","Element":"SQ","PrimaryAttribute":"QID411","SecondaryAttribute":"We'd like you to rate some groups using something we call the FEELING THERMOMETER. Ratings betwee...","TertiaryAttribute":null,"Payload":{"QuestionText":"We'd like you to rate some groups using something we call the FEELING THERMOMETER.<div><br><\/div><div>Ratings between 50 degrees and 100 degrees mean that you feel favorable toward that group. Ratings between 0 degrees and 50 degrees mean that you don't feel favorable toward that group. You would rate a group at the 50 degree mark if you don't feel one way or the other about them.<\/div>","DefaultChoices":false,"DataExportTag":"thermo_pre","QuestionType":"Slider","Selector":"HSLIDER","DataVisibility":{"Private":false,"Hidden":false},"Configuration":{"QuestionDescriptionOption":"UseText","CSSliderMin":0,"CSSliderMax":100,"GridLines":10,"SnapToGrid":false,"NumDecimals":0,"ShowValue":true,"CustomStart":true,"SliderStartPositions":{"4":0,"7":0},"NotApplicable":false,"MobileFirst":true},"QuestionDescription":"We'd like you to rate some groups using something we call the FEELING THERMOMETER. Ratings betwee...","Choices":{"4":{"Display":"<strong>Democrats<\/strong>"},"7":{"Display":"<strong>Republicans<\/strong>"}},"ChoiceOrder":["4","7"],"Randomization":{"Advanced":null,"ConsistentScaleReversal":true,"TotalRandSubset":"","Type":"ScaleReversal"},"Validation":{"Settings":{"ForceResponse":"RequestResponse","ForceResponseType":"RequestResponse","Type":"None"}},"GradingData":[],"Language":[],"NextChoiceId":14,"NextAnswerId":4,"Labels":{"1":{"Display":"COLD"},"2":{"Display":"NEUTRAL"},"3":{"Display":"WARM"}},"QuestionID":"QID411"}},{"SurveyID":"SV_1Lo6YtYahrPGVjE","Element":"SQ","PrimaryAttribute":"QID409","SecondaryAttribute":"We're sorry that you didn't get to participate in a chat today. You still will be compensated for...","TertiaryAttribute":null,"Payload":{"QuestionText":"We're sorry that you didn't get to participate in a chat today. You still will be compensated for your time spent in the waiting room.&nbsp; If you'd like, you can participate in another one of our HITs in the future, and hopefully you will be able to participate in a chat at that time.<div><br><\/div><div> We'll just ask a few more questions before you finish this survey.<br><\/div><div><\/div>","DefaultChoices":false,"DataExportTag":"wr_timeout_apology","QuestionType":"DB","Selector":"TB","Configuration":{"QuestionDescriptionOption":"UseText"},"QuestionDescription":"We're sorry that you didn't get to participate in a chat today. You still will be compensated for...","ChoiceOrder":[],"Validation":{"Settings":{"Type":"None"}},"GradingData":[],"Language":[],"NextChoiceId":4,"NextAnswerId":1,"QuestionID":"QID409","DataVisibility":{"Private":false,"Hidden":false}}},{"SurveyID":"SV_1Lo6YtYahrPGVjE","Element":"SQ","PrimaryAttribute":"QID419","SecondaryAttribute":"We're very sorry that you're having a technical issue!\u00a0 Rest assured that you will still be compe..","TertiaryAttribute":null,"Payload":{"QuestionText":"<b>We're very sorry that you're having a technical issue!<\/b>&nbsp; Rest assured that you will still be compensated for your time spent in this study.&nbsp; We only ask that you please describe the technical issue that you experienced, using the text box below, to help us fix the problem in the future.","DefaultChoices":false,"DataExportTag":"describe_problem","QuestionType":"TE","Selector":"ESTB","Configuration":{"QuestionDescriptionOption":"UseText"},"QuestionDescription":"We're very sorry that you're having a technical issue!\u00a0 Rest assured that you will still be compe...","Validation":{"Settings":{"ForceResponse":"OFF","ForceResponseType":"RequestResponse","Type":"None"}},"GradingData":[],"Language":[],"NextChoiceId":4,"NextAnswerId":1,"SearchSource":{"AllowFreeResponse":"false"},"QuestionID":"QID419","InPageDisplayLogic":{"0":{"0":{"ChoiceLocator":"q:\/\/QID415\/SelectableChoice\/1","Description":"<span class=\"ConjDesc\">If<\/span> <span class=\"QuestionDesc\">Note: If you are having a technical issue and cannot enter your completion code (chat not working, unable to copy\/paste completion code, etc) please click the button below:<\/span> <span class=\"LeftOpDesc\">I am having a problem<\/span> <span class=\"OpDesc\">Is Selected<\/span> ","LeftOperand":"q:\/\/QID415\/SelectableChoice\/1","LogicType":"Question","Operator":"Selected","QuestionID":"QID415","QuestionIDFromLocator":"QID415","QuestionIsInLoop":"no","Type":"Expression"},"Type":"If"},"Type":"BooleanExpression","inPage":true},"DataVisibility":{"Private":false,"Hidden":false}}},{"SurveyID":"SV_1Lo6YtYahrPGVjE","Element":"SQ","PrimaryAttribute":"QID405","SecondaryAttribute":"What is the last grade or degree you completed in school?","TertiaryAttribute":null,"Payload":{"QuestionText":"<p>What is the last grade or degree you completed in school?<\/p>","DataExportTag":"education","QuestionType":"MC","Selector":"SAVR","SubSelector":"TX","DataVisibility":{"Private":false,"Hidden":false},"Configuration":{"QuestionDescriptionOption":"UseText"},"QuestionDescription":"What is the last grade or degree you completed in school?","Choices":{"1":{"Display":"None, or grades 1-8"},"2":{"Display":"High school incomplete (grades 9-11)"},"3":{"Display":"High school graduate (grade 12 or GED certificate)"},"4":{"Display":"Technical, trade or vocational school AFTER high school"},"5":{"Display":"Some college, no 4-year degree (includes associate degree)"},"6":{"Display":"College graduate (B.S., B.A., or other 4-year degree)"},"7":{"Display":"Graduate or post-graduate training\/professional school after college (toward a Master's degree or Ph.D., Law or Medical school)"}},"ChoiceOrder":[1,2,3,4,5,6,7],"Validation":{"Settings":{"ForceResponse":"RequestResponse","ForceResponseType":"RequestResponse","Type":"None"}},"Language":[],"NextChoiceId":8,"NextAnswerId":1,"QuestionID":"QID405"}},{"SurveyID":"SV_1Lo6YtYahrPGVjE","Element":"SQ","PrimaryAttribute":"QID404","SecondaryAttribute":"What is your gender?","TertiaryAttribute":null,"Payload":{"QuestionText":"What is your gender?","DataExportTag":"gender","QuestionType":"MC","Selector":"SAVR","SubSelector":"TX","DataVisibility":{"Private":false,"Hidden":false},"Configuration":{"QuestionDescriptionOption":"UseText"},"QuestionDescription":"What is your gender?","Choices":{"1":{"Display":"Male"},"2":{"Display":"Female"},"3":{"Display":"Other (please specify):","TextEntry":"true"}},"ChoiceOrder":[1,2,3],"Validation":{"Settings":{"ForceResponse":"RequestResponse","ForceResponseType":"RequestResponse","Type":"None"}},"Language":[],"NextChoiceId":4,"NextAnswerId":1,"QuestionID":"QID404"}},{"SurveyID":"SV_1Lo6YtYahrPGVjE","Element":"SQ","PrimaryAttribute":"QID433","SecondaryAttribute":"When talking about ${e:\/\/Field\/partisanship}s, how often do you use \"we\" instead of \"they\"?","TertiaryAttribute":null,"Payload":{"ChoiceOrder":["1","4","2","3","5"],"Choices":{"1":{"Display":"All of the time"},"2":{"Display":"Some of the time"},"3":{"Display":"Rarely"},"4":{"Display":"Most of the time"},"5":{"Display":"Never"}},"Configuration":{"QuestionDescriptionOption":"UseText"},"DataExportTag":"huddy3","DataVisibility":{"Hidden":false,"Private":false},"Language":[],"NextAnswerId":1,"NextChoiceId":6,"QuestionDescription":"When talking about ${e:\/\/Field\/partisanship}s, how often do you use \"we\" instead of \"they\"?","QuestionID":"QID433","QuestionText":"When talking about ${e:\/\/Field\/partisanship}s, how often do you use \"we\" instead of \"they\"?","QuestionText_Unsafe":"When talking about ${e:\/\/Field\/identity_name}s, how often do you use \"we\" instead of \"they\"?","QuestionType":"MC","Selector":"SAVR","SubSelector":"TX","Validation":{"Settings":{"ForceResponse":"RequestResponse","ForceResponseType":"RequestResponse","Type":"None"}}}},{"SurveyID":"SV_1Lo6YtYahrPGVjE","Element":"SQ","PrimaryAttribute":"QID439","SecondaryAttribute":"When you're in a group of people, how often are you the center of attention?","TertiaryAttribute":null,"Payload":{"ChoiceOrder":["11","12","13","14","15"],"Choices":{"11":{"Display":"Always"},"12":{"Display":"Most of the time"},"13":{"Display":"About half the time"},"14":{"Display":"Once in a while"},"15":{"Display":"Never"}},"Configuration":{"QuestionDescriptionOption":"UseText"},"DataExportTag":"selfMon3","DataVisibility":{"Hidden":false,"Private":false},"Language":[],"NextAnswerId":1,"NextChoiceId":16,"QuestionDescription":"When you're in a group of people, how often are you the center of attention?","QuestionID":"QID439","QuestionText":"When you're in a group of people, how often are you the center of attention?","QuestionText_Unsafe":"When you're in a group of people, how often are you the center of attention?","QuestionType":"MC","Selector":"SAVR","SubSelector":"TX","Validation":{"Settings":{"ForceResponse":"RequestResponse","ForceResponseType":"RequestResponse","Type":"None"}}}},{"SurveyID":"SV_1Lo6YtYahrPGVjE","Element":"SQ","PrimaryAttribute":"QID437","SecondaryAttribute":"When you're with other people, how often do you put on a show to impress or entertain them?","TertiaryAttribute":null,"Payload":{"ChoiceOrder":["11","12","13","14","15"],"Choices":{"11":{"Display":"Always"},"12":{"Display":"Most of the time"},"13":{"Display":"About half the time"},"14":{"Display":"Once in a while"},"15":{"Display":"Never"}},"Configuration":{"QuestionDescriptionOption":"UseText"},"DataExportTag":"selfMon1","DataVisibility":{"Hidden":false,"Private":false},"Language":[],"NextAnswerId":1,"NextChoiceId":16,"QuestionDescription":"When you're with other people, how often do you put on a show to impress or entertain them?","QuestionID":"QID437","QuestionText":"When you're with other people, how often do you put on a show to impress or entertain them?","QuestionText_Unsafe":"When you're with other people, how often do you put on a show to impress or entertain them?","QuestionType":"MC","Selector":"SAVR","SubSelector":"TX","Validation":{"Settings":{"ForceResponse":"RequestResponse","ForceResponseType":"RequestResponse","Type":"None"}}}},{"SurveyID":"SV_1Lo6YtYahrPGVjE","Element":"SQ","PrimaryAttribute":"QID398","SecondaryAttribute":"When your chat is complete, you will receive a completion code. To continue, please paste this co...","TertiaryAttribute":null,"Payload":{"QuestionText":"When your chat is complete, you will receive a completion code.<br>\nTo continue, please paste this completion code in the box below (note that the \"copy\" button may not work in some browsers, so you may need to copy the code by selecting the code text and using command-C):","DefaultChoices":false,"DataExportTag":"number_entry","QuestionID":"QID398","QuestionType":"TE","Selector":"SL","Configuration":{"QuestionDescriptionOption":"UseText"},"QuestionDescription":"When your chat is complete, you will receive a completion code. To continue, please paste this co...","Validation":{"Settings":{"ForceResponse":"OFF","ForceResponseType":"ON","Type":"None","MinChars":"5","TotalChars":"5","ValidDateType":"DateWithFormat","ValidPhoneType":"ValidUSPhone","ValidZipType":"ValidUSZip","ValidNumber":{"Min":"","Max":"","NumDecimals":""},"CustomValidation":{"Logic":{"0":{"0":{"ChoiceLocator":"q:\/\/QID415\/SelectableChoice\/1","Description":"<span class=\"ConjDesc\">If<\/span> <span class=\"QuestionDesc\">Note: If you are having a technical issue and cannot enter your completion code (chat not working...<\/span> <span class=\"LeftOpDesc\">I am having a technical problem<\/span> <span class=\"OpDesc\">Is Selected<\/span> ","LeftOperand":"q:\/\/QID415\/SelectableChoice\/1","LogicType":"Question","Operator":"Selected","QuestionID":"QID415","QuestionIDFromLocator":"QID415","QuestionIsInLoop":"no","Type":"Expression"},"Type":"If"},"Type":"BooleanExpression"},"Message":{"description":"Validation Failed","libraryID":"UR_56zjsj43Ehr7qap","messageID":"MS_3UbbwAT3tcrn9Qi","subMessageID":"VE_VALIDATION_FAILED"}}}},"GradingData":[],"Language":[],"NextChoiceId":4,"NextAnswerId":1,"SearchSource":{"AllowFreeResponse":"false"},"DataVisibility":{"Private":false,"Hidden":false},"QuestionJS":"Qualtrics.SurveyEngine.addOnload(function()\n{\n\t\/*Place your JavaScript here to run when the page loads*\/\nthis.hideNextButton();\nvar that = this;\nvar qid = this.questionId;\nvar textbox =$('QR~' + qid);\n\t\ntextbox.onkeyup = function()\n{checkValues();};\n\t\nfunction checkValues(){\n        var txtVal = jQuery(\"input[id='QR\\~\"+qid+\"']\").val();\n\t\/\/if (txtVal ==  \"a\")\n\tif (txtVal.startsWith(\"2WT\") || txtVal.startsWith(\"2CC\"))\n\t{\n\t\t\/\/alert(this);\n\t\t\/\/alert(\"Yay!\");\n\t\tthat.showNextButton();\n\t}\n\telse\n\t{\n\t\t\/\/that.hideNextButton();\n\t}\n}\n\n});\n\nQualtrics.SurveyEngine.addOnReady(function()\n{\n\t\/*Place your JavaScript here to run when the page is fully displayed*\/\n\n});\n\nQualtrics.SurveyEngine.addOnUnload(function()\n{\n\t\/*Place your JavaScript here to run when the page is unloaded*\/\n\n});"}},{"SurveyID":"SV_1Lo6YtYahrPGVjE","Element":"SQ","PrimaryAttribute":"QID444","SecondaryAttribute":"Which social media service do you use most to express your opinions about politics or current eve...","TertiaryAttribute":null,"Payload":{"ChoiceOrder":["1"],"Choices":{"1":{"Display":"I don't use any of these services to express my opinions"}},"Configuration":{"QuestionDescriptionOption":"UseText"},"DataExportTag":"primary_sm","DataVisibility":{"Hidden":false,"Private":false},"DefaultChoices":false,"DisplayLogic":{"0":{"0":{"LogicType":"Question","QuestionID":"QID443","QuestionIsInLoop":"no","ChoiceLocator":"q:\/\/QID443\/SelectedChoicesCount","Operator":"NotEqualTo","QuestionIDFromLocator":"QID443","LeftOperand":"q:\/\/QID443\/SelectedChoicesCount","RightOperand":"0","Type":"Expression","Description":"<span class=\"ConjDesc\">If<\/span> <span class=\"QuestionDesc\">Do you use any of the following social media services? (check all that apply)<\/span> <span class=\"LeftOpDesc\">q:\/\/QID443\/SelectedChoicesCount<\/span> <span class=\"OpDesc\">Is Not Equal to<\/span> <span class=\"RightOpDesc\"> 0 <\/span>"},"Type":"If"},"Type":"BooleanExpression","inPage":false},"DynamicChoices":{"DynamicType":"ChoiceGroup","Locator":"q:\/\/QID443\/ChoiceGroup\/SelectedChoices","Type":"Dynamic"},"DynamicChoicesData":[],"GradingData":[],"Language":[],"NextAnswerId":1,"NextChoiceId":4,"QuestionDescription":"Which social media service do you use most to express your opinions about politics or current eve...","QuestionID":"QID444","QuestionText":"Which social media service do you use most to <b>express your opinions<\/b> about politics or current events?","QuestionText_Unsafe":"Which social media service do you use most to <b>express your opinions<\/b> about politics or current events?","QuestionType":"MC","Randomization":{"Advanced":{"FixedOrder":["x1","x2","x3","x9","x10","x11","1"],"RandomSubSet":[],"RandomizeAll":[],"ScaleReversal":[],"TotalRandSubset":0,"Undisplayed":[]},"ConsistentScaleReversal":false,"EvenPresentation":false,"TotalRandSubset":"","Type":"Advanced"},"Selector":"SAVR","SubSelector":"TX","Validation":{"Settings":{"ForceResponse":"RequestResponse","ForceResponseType":"RequestResponse","Type":"None"}}}},{"SurveyID":"SV_1Lo6YtYahrPGVjE","Element":"SQ","PrimaryAttribute":"QID395","SecondaryAttribute":"Would you call yourself a strong Democrat or a not very strong Democrat?","TertiaryAttribute":null,"Payload":{"QuestionText":"Would you call yourself a strong Democrat or a not very strong Democrat?","DataExportTag":"PID_dem_strength","QuestionType":"MC","Selector":"SAVR","SubSelector":"TX","DataVisibility":{"Private":false,"Hidden":false},"Configuration":{"QuestionDescriptionOption":"UseText"},"QuestionDescription":"Would you call yourself a strong Democrat or a not very strong Democrat?","Choices":{"1":{"Display":"Strong"},"2":{"Display":"Not very strong"}},"ChoiceOrder":[1,2],"Validation":{"Settings":{"ForceResponse":"RequestResponse","ForceResponseType":"RequestResponse","Type":"None"}},"Language":[],"NextChoiceId":3,"NextAnswerId":1,"QuestionID":"QID395","DisplayLogic":{"0":{"0":{"ChoiceLocator":"q:\/\/QID394\/SelectableChoice\/2","Description":"<span class=\"ConjDesc\">If<\/span> <span class=\"QuestionDesc\">Generally speaking, do you usually think of yourself as a Republican, a Democrat, an Independent,...<\/span> <span class=\"LeftOpDesc\">Democrat<\/span> <span class=\"OpDesc\">Is Selected<\/span> ","LeftOperand":"q:\/\/QID394\/SelectableChoice\/2","LogicType":"Question","Operator":"Selected","QuestionID":"QID394","QuestionIDFromLocator":"QID394","QuestionIsInLoop":"no","Type":"Expression"},"Type":"If"},"Type":"BooleanExpression","inPage":false}}},{"SurveyID":"SV_1Lo6YtYahrPGVjE","Element":"SQ","PrimaryAttribute":"QID396","SecondaryAttribute":"Would you call yourself a strong Republican or a not very strong Republican?","TertiaryAttribute":null,"Payload":{"QuestionText":"Would you call yourself a strong Republican or a not very strong Republican?","DataExportTag":"PID_rep_strength","QuestionType":"MC","Selector":"SAVR","SubSelector":"TX","DataVisibility":{"Private":false,"Hidden":false},"Configuration":{"QuestionDescriptionOption":"UseText"},"QuestionDescription":"Would you call yourself a strong Republican or a not very strong Republican?","Choices":{"1":{"Display":"Strong"},"2":{"Display":"Not very strong"}},"ChoiceOrder":[1,2],"Validation":{"Settings":{"ForceResponse":"RequestResponse","ForceResponseType":"RequestResponse","Type":"None"}},"Language":[],"NextChoiceId":3,"NextAnswerId":1,"QuestionID":"QID396","DisplayLogic":{"0":{"0":{"ChoiceLocator":"q:\/\/QID394\/SelectableChoice\/1","Description":"<span class=\"ConjDesc\">If<\/span> <span class=\"QuestionDesc\">Generally speaking, do you usually think of yourself as a Republican, a Democrat, an Independent,...<\/span> <span class=\"LeftOpDesc\">Republican<\/span> <span class=\"OpDesc\">Is Selected<\/span> ","LeftOperand":"q:\/\/QID394\/SelectableChoice\/1","LogicType":"Question","Operator":"Selected","QuestionID":"QID394","QuestionIDFromLocator":"QID394","QuestionIsInLoop":"no","Type":"Expression"},"Type":"If"},"Type":"BooleanExpression","inPage":false}}},{"SurveyID":"SV_1Lo6YtYahrPGVjE","Element":"SQ","PrimaryAttribute":"QID330","SecondaryAttribute":"You are being asked to volunteer in a research study being conducted by researchers at Princeton...","TertiaryAttribute":null,"Payload":{"QuestionText":"<div><img src=\"https:\/\/princetonsurvey.az1.qualtrics.com\/CP\/Graphic.php?IM=IM_9MIVe6v5AP288Vo\" style=\"width: 554px; height: 92px;\"><br>\n<br>\nYou are being asked to volunteer in a research study being conducted by researchers at Princeton University.&nbsp; If you agree to participate, you will be asked to answer questions about US politics and your political views.<\/div>\n\n<div>&nbsp;<\/div>\n\n<div>There are no foreseeable costs to you for participating in this study.&nbsp; The only benefit you are expected receive from this study is monetary compensation. You do not have to participate if you don\u2019t want to, and you can exit at any time.<\/div>\n\n<div>&nbsp;<\/div>\n\n<div>If you have any questions, concerns, or complaints about the study, you may contact William Schulz at wschulz@princeton.edu, or Xiaoxiao Shen at xiaoxiao@princeton.edu, or Andrew Guess at aguess@princeton.edu.&nbsp; You can also contact the Princeton University Institutional Review Board at irb@princeton.edu.&nbsp; If you answer \"YES, I want to participate\" below, it means that you have read the information contained in this letter and would like to be a volunteer in this research study.<\/div>\n\n<div>&nbsp;<\/div>","DefaultChoices":false,"DataExportTag":"consent_text","QuestionType":"DB","Selector":"TB","Configuration":{"QuestionDescriptionOption":"UseText"},"QuestionDescription":"You are being asked to volunteer in a research study being conducted by researchers at Princeton...","ChoiceOrder":[],"Validation":{"Settings":{"Type":"None"}},"GradingData":[],"Language":[],"NextChoiceId":4,"NextAnswerId":1,"QuestionID":"QID330","DataVisibility":{"Private":false,"Hidden":false}}},{"SurveyID":"SV_1Lo6YtYahrPGVjE","Element":"SQ","PrimaryAttribute":"QID421","SecondaryAttribute":"You should be able to see a blue \"ReChat\" window below.\u00a0 Please enter a nickname (not your real n..","TertiaryAttribute":null,"Payload":{"QuestionText":"You should be able to see a blue \"ReChat\" window below.&nbsp; Please enter a nickname (not your real name) and click \"I'm Ready to Chat\" to be placed in a waiting room.&nbsp; <b>Do not refresh the page, or you will have to re-start.<\/b><div><br><\/div><div>Your chat will begin when your partner arrives.&nbsp; If no partner arrives within 5 minutes, your chat will be cancelled (you will still receive a $1 bonus).<\/div><div><br><\/div><div>When a partner arrives, your 5-minute chat will begin.&nbsp; An automated moderator (a bot) will prompt you to discuss a certain topic for 5 minutes.&nbsp; When the 5-minute timer expires, your chat will automatically end.<\/div><div><br><\/div><div>After the timer expires, a \"Completion Code\" will appear in the chat window.&nbsp; When you copy that code into the text box below the chat window, a green \"Continue\" button will appear at the bottom of the page.&nbsp; If the \"copy\" button doesn't work for you, you may need to manually select the code shown and copy and paste it.&nbsp;<\/div><div><br><\/div><div><b>NOTE: The chat completion code is NOT the same as your MTurk completion code.<\/b>&nbsp; You will receive your MTurk completion code after you answer a few final questions and complete the study.<\/div>","DefaultChoices":false,"DataExportTag":"instructions","QuestionID":"QID421","QuestionType":"DB","Selector":"TB","Configuration":{"QuestionDescriptionOption":"UseText"},"QuestionDescription":"You should be able to see a blue \"ReChat\" window below.\u00a0 Please enter a nickname (not your real n...","ChoiceOrder":[],"Validation":{"Settings":{"Type":"None"}},"GradingData":[],"Language":[],"NextChoiceId":4,"NextAnswerId":1,"DataVisibility":{"Private":false,"Hidden":false}}}]}